// !$*UTF8*$!
{
	archiveVersion = 1;
	classes = {
	};
	objectVersion = 50;
	objects = {

/* Begin PBXBuildFile section */
		26BC216FC9B2FF140EBB3397 /* Pods_iOSArchRESTClientUITests.framework in Frameworks */ = {isa = PBXBuildFile; fileRef = 857798E65A64D32E7826699F /* Pods_iOSArchRESTClientUITests.framework */; };
		2B482C075EE4B4BAD949F438 /* Pods_iOSArchRESTClientTests.framework in Frameworks */ = {isa = PBXBuildFile; fileRef = A1CEC6DB340A6E9C1A6086AF /* Pods_iOSArchRESTClientTests.framework */; };
		3F4615362191924500CF4BBB /* AppDelegate.swift in Sources */ = {isa = PBXBuildFile; fileRef = 3F4615352191924500CF4BBB /* AppDelegate.swift */; };
		3F4615382191924500CF4BBB /* ViewController.swift in Sources */ = {isa = PBXBuildFile; fileRef = 3F4615372191924500CF4BBB /* ViewController.swift */; };
		3F46153B2191924500CF4BBB /* Main.storyboard in Resources */ = {isa = PBXBuildFile; fileRef = 3F4615392191924500CF4BBB /* Main.storyboard */; };
		3F46153D2191925300CF4BBB /* Assets.xcassets in Resources */ = {isa = PBXBuildFile; fileRef = 3F46153C2191925300CF4BBB /* Assets.xcassets */; };
		3F4615402191925300CF4BBB /* LaunchScreen.storyboard in Resources */ = {isa = PBXBuildFile; fileRef = 3F46153E2191925300CF4BBB /* LaunchScreen.storyboard */; };
		3F46154B2191925400CF4BBB /* iOSArchRESTClientTests.swift in Sources */ = {isa = PBXBuildFile; fileRef = 3F46154A2191925400CF4BBB /* iOSArchRESTClientTests.swift */; };
		3F4615562191925400CF4BBB /* iOSArchRESTClientUITests.swift in Sources */ = {isa = PBXBuildFile; fileRef = 3F4615552191925400CF4BBB /* iOSArchRESTClientUITests.swift */; };
		3F9299F7219297FC003B0243 /* ViewController.swift in Sources */ = {isa = PBXBuildFile; fileRef = 3F4615372191924500CF4BBB /* ViewController.swift */; };
		3F9299F8219297FC003B0243 /* AppDelegate.swift in Sources */ = {isa = PBXBuildFile; fileRef = 3F4615352191924500CF4BBB /* AppDelegate.swift */; };
		3F9299FC219297FC003B0243 /* LaunchScreen.storyboard in Resources */ = {isa = PBXBuildFile; fileRef = 3F46153E2191925300CF4BBB /* LaunchScreen.storyboard */; };
		3F9299FD219297FC003B0243 /* Assets.xcassets in Resources */ = {isa = PBXBuildFile; fileRef = 3F46153C2191925300CF4BBB /* Assets.xcassets */; };
		3F9299FE219297FC003B0243 /* Main.storyboard in Resources */ = {isa = PBXBuildFile; fileRef = 3F4615392191924500CF4BBB /* Main.storyboard */; };
		3F929A1C2192A049003B0243 /* HealthKit.framework in Frameworks */ = {isa = PBXBuildFile; fileRef = 3F929A1B2192A049003B0243 /* HealthKit.framework */; };
		4517798C7708706444B5817A /* Pods_iOSArchRESTClient.framework in Frameworks */ = {isa = PBXBuildFile; fileRef = 5282183C43D1B792C1BFBE51 /* Pods_iOSArchRESTClient.framework */; };
		A5857E8466B7C1996E2B81D0 /* Pods_iOSArchRESTClient.framework in Frameworks */ = {isa = PBXBuildFile; fileRef = 5282183C43D1B792C1BFBE51 /* Pods_iOSArchRESTClient.framework */; };
/* End PBXBuildFile section */

/* Begin PBXContainerItemProxy section */
		3F4615472191925400CF4BBB /* PBXContainerItemProxy */ = {
			isa = PBXContainerItemProxy;
			containerPortal = 3F46152A2191924400CF4BBB /* Project object */;
			proxyType = 1;
			remoteGlobalIDString = 3F4615312191924500CF4BBB;
			remoteInfo = iOSArchRESTClient;
		};
		3F4615522191925400CF4BBB /* PBXContainerItemProxy */ = {
			isa = PBXContainerItemProxy;
			containerPortal = 3F46152A2191924400CF4BBB /* Project object */;
			proxyType = 1;
			remoteGlobalIDString = 3F4615312191924500CF4BBB;
			remoteInfo = iOSArchRESTClient;
		};
/* End PBXContainerItemProxy section */

/* Begin PBXFileReference section */
		0141D1C66E074720B87A6EFA /* Pods-iOSArchRESTClientUITests.debug.xcconfig */ = {isa = PBXFileReference; includeInIndex = 1; lastKnownFileType = text.xcconfig; name = "Pods-iOSArchRESTClientUITests.debug.xcconfig"; path = "Pods/Target Support Files/Pods-iOSArchRESTClientUITests/Pods-iOSArchRESTClientUITests.debug.xcconfig"; sourceTree = "<group>"; };
		08BB687DBB7DF2D3F09DC7AE /* Pods-iOSArchRESTClientTests.debug-test.xcconfig */ = {isa = PBXFileReference; includeInIndex = 1; lastKnownFileType = text.xcconfig; name = "Pods-iOSArchRESTClientTests.debug-test.xcconfig"; path = "Pods/Target Support Files/Pods-iOSArchRESTClientTests/Pods-iOSArchRESTClientTests.debug-test.xcconfig"; sourceTree = "<group>"; };
		10434DA2D57C561AB633E97B /* Pods-iOSArchRESTClientUITests.debug-test.xcconfig */ = {isa = PBXFileReference; includeInIndex = 1; lastKnownFileType = text.xcconfig; name = "Pods-iOSArchRESTClientUITests.debug-test.xcconfig"; path = "Pods/Target Support Files/Pods-iOSArchRESTClientUITests/Pods-iOSArchRESTClientUITests.debug-test.xcconfig"; sourceTree = "<group>"; };
		10D8535A9864FF9AE25DEC29 /* Pods-iOSArchRESTClientTests.debug.xcconfig */ = {isa = PBXFileReference; includeInIndex = 1; lastKnownFileType = text.xcconfig; name = "Pods-iOSArchRESTClientTests.debug.xcconfig"; path = "Pods/Target Support Files/Pods-iOSArchRESTClientTests/Pods-iOSArchRESTClientTests.debug.xcconfig"; sourceTree = "<group>"; };
		15DEE36BD27ECAB78E198A7E /* Pods-iOSArchRESTClientUITests.release-test.xcconfig */ = {isa = PBXFileReference; includeInIndex = 1; lastKnownFileType = text.xcconfig; name = "Pods-iOSArchRESTClientUITests.release-test.xcconfig"; path = "Pods/Target Support Files/Pods-iOSArchRESTClientUITests/Pods-iOSArchRESTClientUITests.release-test.xcconfig"; sourceTree = "<group>"; };
		271CD69E8D76779E430FD6ED /* Pods-iOSArchRESTClientTests.release.xcconfig */ = {isa = PBXFileReference; includeInIndex = 1; lastKnownFileType = text.xcconfig; name = "Pods-iOSArchRESTClientTests.release.xcconfig"; path = "Pods/Target Support Files/Pods-iOSArchRESTClientTests/Pods-iOSArchRESTClientTests.release.xcconfig"; sourceTree = "<group>"; };
		3F4615322191924500CF4BBB /* iOSArchRESTClient.app */ = {isa = PBXFileReference; explicitFileType = wrapper.application; includeInIndex = 0; path = iOSArchRESTClient.app; sourceTree = BUILT_PRODUCTS_DIR; };
		3F4615352191924500CF4BBB /* AppDelegate.swift */ = {isa = PBXFileReference; lastKnownFileType = sourcecode.swift; path = AppDelegate.swift; sourceTree = "<group>"; };
		3F4615372191924500CF4BBB /* ViewController.swift */ = {isa = PBXFileReference; lastKnownFileType = sourcecode.swift; path = ViewController.swift; sourceTree = "<group>"; };
		3F46153A2191924500CF4BBB /* Base */ = {isa = PBXFileReference; lastKnownFileType = file.storyboard; name = Base; path = Base.lproj/Main.storyboard; sourceTree = "<group>"; };
		3F46153C2191925300CF4BBB /* Assets.xcassets */ = {isa = PBXFileReference; lastKnownFileType = folder.assetcatalog; path = Assets.xcassets; sourceTree = "<group>"; };
		3F46153F2191925300CF4BBB /* Base */ = {isa = PBXFileReference; lastKnownFileType = file.storyboard; name = Base; path = Base.lproj/LaunchScreen.storyboard; sourceTree = "<group>"; };
		3F4615412191925300CF4BBB /* Info.plist */ = {isa = PBXFileReference; lastKnownFileType = text.plist.xml; path = Info.plist; sourceTree = "<group>"; };
		3F4615462191925400CF4BBB /* iOSArchRESTClientTests.xctest */ = {isa = PBXFileReference; explicitFileType = wrapper.cfbundle; includeInIndex = 0; path = iOSArchRESTClientTests.xctest; sourceTree = BUILT_PRODUCTS_DIR; };
		3F46154A2191925400CF4BBB /* iOSArchRESTClientTests.swift */ = {isa = PBXFileReference; lastKnownFileType = sourcecode.swift; path = iOSArchRESTClientTests.swift; sourceTree = "<group>"; };
		3F46154C2191925400CF4BBB /* Info.plist */ = {isa = PBXFileReference; lastKnownFileType = text.plist.xml; path = Info.plist; sourceTree = "<group>"; };
		3F4615512191925400CF4BBB /* iOSArchRESTClientUITests.xctest */ = {isa = PBXFileReference; explicitFileType = wrapper.cfbundle; includeInIndex = 0; path = iOSArchRESTClientUITests.xctest; sourceTree = BUILT_PRODUCTS_DIR; };
		3F4615552191925400CF4BBB /* iOSArchRESTClientUITests.swift */ = {isa = PBXFileReference; lastKnownFileType = sourcecode.swift; path = iOSArchRESTClientUITests.swift; sourceTree = "<group>"; };
		3F4615572191925400CF4BBB /* Info.plist */ = {isa = PBXFileReference; lastKnownFileType = text.plist.xml; path = Info.plist; sourceTree = "<group>"; };
		3F929A08219297FC003B0243 /* iOSArchRESTClient-dev.app */ = {isa = PBXFileReference; explicitFileType = wrapper.application; includeInIndex = 0; path = "iOSArchRESTClient-dev.app"; sourceTree = BUILT_PRODUCTS_DIR; };
		3F929A09219297FD003B0243 /* Info.plist */ = {isa = PBXFileReference; lastKnownFileType = text.plist.xml; name = Info.plist; path = /Users/doanphuchien/Documents/learn/ios/main/iOSArchRESTClient/Info.plist; sourceTree = "<absolute>"; };
		3F929A1021929CF5003B0243 /* App.entitlements */ = {isa = PBXFileReference; lastKnownFileType = text.plist.entitlements; path = App.entitlements; sourceTree = "<group>"; };
		3F929A1B2192A049003B0243 /* HealthKit.framework */ = {isa = PBXFileReference; lastKnownFileType = wrapper.framework; name = HealthKit.framework; path = System/Library/Frameworks/HealthKit.framework; sourceTree = SDKROOT; };
		3F929A1D2192A049003B0243 /* App.entitlements */ = {isa = PBXFileReference; lastKnownFileType = text.plist.entitlements; path = App.entitlements; sourceTree = "<group>"; };
		51A5F1EDDB6231CFAC9C4813 /* Pods-iOSArchRESTClient.debug-test.xcconfig */ = {isa = PBXFileReference; includeInIndex = 1; lastKnownFileType = text.xcconfig; name = "Pods-iOSArchRESTClient.debug-test.xcconfig"; path = "Pods/Target Support Files/Pods-iOSArchRESTClient/Pods-iOSArchRESTClient.debug-test.xcconfig"; sourceTree = "<group>"; };
		5282183C43D1B792C1BFBE51 /* Pods_iOSArchRESTClient.framework */ = {isa = PBXFileReference; explicitFileType = wrapper.framework; includeInIndex = 0; path = Pods_iOSArchRESTClient.framework; sourceTree = BUILT_PRODUCTS_DIR; };
		53C8A27FA0C9058532D10914 /* Pods-iOSArchRESTClientUITests.release-stag.xcconfig */ = {isa = PBXFileReference; includeInIndex = 1; lastKnownFileType = text.xcconfig; name = "Pods-iOSArchRESTClientUITests.release-stag.xcconfig"; path = "Pods/Target Support Files/Pods-iOSArchRESTClientUITests/Pods-iOSArchRESTClientUITests.release-stag.xcconfig"; sourceTree = "<group>"; };
		5AADE1A802FBFC81340E39B7 /* Pods-iOSArchRESTClientUITests.release.xcconfig */ = {isa = PBXFileReference; includeInIndex = 1; lastKnownFileType = text.xcconfig; name = "Pods-iOSArchRESTClientUITests.release.xcconfig"; path = "Pods/Target Support Files/Pods-iOSArchRESTClientUITests/Pods-iOSArchRESTClientUITests.release.xcconfig"; sourceTree = "<group>"; };
		62B9E582EEA65574CBC29EDF /* Pods-iOSArchRESTClient.release.xcconfig */ = {isa = PBXFileReference; includeInIndex = 1; lastKnownFileType = text.xcconfig; name = "Pods-iOSArchRESTClient.release.xcconfig"; path = "Pods/Target Support Files/Pods-iOSArchRESTClient/Pods-iOSArchRESTClient.release.xcconfig"; sourceTree = "<group>"; };
		6A66DF9D1262992A227C3AC3 /* Pods-iOSArchRESTClientTests.release-prod.xcconfig */ = {isa = PBXFileReference; includeInIndex = 1; lastKnownFileType = text.xcconfig; name = "Pods-iOSArchRESTClientTests.release-prod.xcconfig"; path = "Pods/Target Support Files/Pods-iOSArchRESTClientTests/Pods-iOSArchRESTClientTests.release-prod.xcconfig"; sourceTree = "<group>"; };
		767EECD5773262D9BBD5CED9 /* Pods-iOSArchRESTClient.release-stag.xcconfig */ = {isa = PBXFileReference; includeInIndex = 1; lastKnownFileType = text.xcconfig; name = "Pods-iOSArchRESTClient.release-stag.xcconfig"; path = "Pods/Target Support Files/Pods-iOSArchRESTClient/Pods-iOSArchRESTClient.release-stag.xcconfig"; sourceTree = "<group>"; };
		80496A27FE0E77898839D5BF /* Pods-iOSArchRESTClient.release-test.xcconfig */ = {isa = PBXFileReference; includeInIndex = 1; lastKnownFileType = text.xcconfig; name = "Pods-iOSArchRESTClient.release-test.xcconfig"; path = "Pods/Target Support Files/Pods-iOSArchRESTClient/Pods-iOSArchRESTClient.release-test.xcconfig"; sourceTree = "<group>"; };
		83C4EC932F8FC83E8ACDB3FC /* Pods-iOSArchRESTClientTests.debug-stag.xcconfig */ = {isa = PBXFileReference; includeInIndex = 1; lastKnownFileType = text.xcconfig; name = "Pods-iOSArchRESTClientTests.debug-stag.xcconfig"; path = "Pods/Target Support Files/Pods-iOSArchRESTClientTests/Pods-iOSArchRESTClientTests.debug-stag.xcconfig"; sourceTree = "<group>"; };
		857798E65A64D32E7826699F /* Pods_iOSArchRESTClientUITests.framework */ = {isa = PBXFileReference; explicitFileType = wrapper.framework; includeInIndex = 0; path = Pods_iOSArchRESTClientUITests.framework; sourceTree = BUILT_PRODUCTS_DIR; };
		90289F1FF8C5B1C7922DBE0B /* Pods-iOSArchRESTClient.debug-stag.xcconfig */ = {isa = PBXFileReference; includeInIndex = 1; lastKnownFileType = text.xcconfig; name = "Pods-iOSArchRESTClient.debug-stag.xcconfig"; path = "Pods/Target Support Files/Pods-iOSArchRESTClient/Pods-iOSArchRESTClient.debug-stag.xcconfig"; sourceTree = "<group>"; };
		904B598EB7E3704E7F4628B8 /* Pods-iOSArchRESTClientUITests.release-prod.xcconfig */ = {isa = PBXFileReference; includeInIndex = 1; lastKnownFileType = text.xcconfig; name = "Pods-iOSArchRESTClientUITests.release-prod.xcconfig"; path = "Pods/Target Support Files/Pods-iOSArchRESTClientUITests/Pods-iOSArchRESTClientUITests.release-prod.xcconfig"; sourceTree = "<group>"; };
		9D12947248DA83FF0E73C17C /* Pods-iOSArchRESTClient.debug.xcconfig */ = {isa = PBXFileReference; includeInIndex = 1; lastKnownFileType = text.xcconfig; name = "Pods-iOSArchRESTClient.debug.xcconfig"; path = "Pods/Target Support Files/Pods-iOSArchRESTClient/Pods-iOSArchRESTClient.debug.xcconfig"; sourceTree = "<group>"; };
		A1CEC6DB340A6E9C1A6086AF /* Pods_iOSArchRESTClientTests.framework */ = {isa = PBXFileReference; explicitFileType = wrapper.framework; includeInIndex = 0; path = Pods_iOSArchRESTClientTests.framework; sourceTree = BUILT_PRODUCTS_DIR; };
		B784EAC019334C4F7DBE68F4 /* Pods-iOSArchRESTClientUITests.debug-stag.xcconfig */ = {isa = PBXFileReference; includeInIndex = 1; lastKnownFileType = text.xcconfig; name = "Pods-iOSArchRESTClientUITests.debug-stag.xcconfig"; path = "Pods/Target Support Files/Pods-iOSArchRESTClientUITests/Pods-iOSArchRESTClientUITests.debug-stag.xcconfig"; sourceTree = "<group>"; };
		BA7FEFA455CF03374FC86784 /* Pods-iOSArchRESTClientTests.release-stag.xcconfig */ = {isa = PBXFileReference; includeInIndex = 1; lastKnownFileType = text.xcconfig; name = "Pods-iOSArchRESTClientTests.release-stag.xcconfig"; path = "Pods/Target Support Files/Pods-iOSArchRESTClientTests/Pods-iOSArchRESTClientTests.release-stag.xcconfig"; sourceTree = "<group>"; };
		BD99210D0F8241C6BE981798 /* Pods-iOSArchRESTClientUITests.debug-prod.xcconfig */ = {isa = PBXFileReference; includeInIndex = 1; lastKnownFileType = text.xcconfig; name = "Pods-iOSArchRESTClientUITests.debug-prod.xcconfig"; path = "Pods/Target Support Files/Pods-iOSArchRESTClientUITests/Pods-iOSArchRESTClientUITests.debug-prod.xcconfig"; sourceTree = "<group>"; };
		DE15E46A54228AE21000E858 /* Pods-iOSArchRESTClient.release-prod.xcconfig */ = {isa = PBXFileReference; includeInIndex = 1; lastKnownFileType = text.xcconfig; name = "Pods-iOSArchRESTClient.release-prod.xcconfig"; path = "Pods/Target Support Files/Pods-iOSArchRESTClient/Pods-iOSArchRESTClient.release-prod.xcconfig"; sourceTree = "<group>"; };
		E05907F9AFD69E713F233B1E /* Pods-iOSArchRESTClientTests.debug-prod.xcconfig */ = {isa = PBXFileReference; includeInIndex = 1; lastKnownFileType = text.xcconfig; name = "Pods-iOSArchRESTClientTests.debug-prod.xcconfig"; path = "Pods/Target Support Files/Pods-iOSArchRESTClientTests/Pods-iOSArchRESTClientTests.debug-prod.xcconfig"; sourceTree = "<group>"; };
		E798C3D9819610B052086964 /* Pods-iOSArchRESTClient.debug-prod.xcconfig */ = {isa = PBXFileReference; includeInIndex = 1; lastKnownFileType = text.xcconfig; name = "Pods-iOSArchRESTClient.debug-prod.xcconfig"; path = "Pods/Target Support Files/Pods-iOSArchRESTClient/Pods-iOSArchRESTClient.debug-prod.xcconfig"; sourceTree = "<group>"; };
		F1552BADB058A54E9D7FAF2E /* Pods-iOSArchRESTClientTests.release-test.xcconfig */ = {isa = PBXFileReference; includeInIndex = 1; lastKnownFileType = text.xcconfig; name = "Pods-iOSArchRESTClientTests.release-test.xcconfig"; path = "Pods/Target Support Files/Pods-iOSArchRESTClientTests/Pods-iOSArchRESTClientTests.release-test.xcconfig"; sourceTree = "<group>"; };
/* End PBXFileReference section */

/* Begin PBXFrameworksBuildPhase section */
		3F46152F2191924500CF4BBB /* Frameworks */ = {
			isa = PBXFrameworksBuildPhase;
			buildActionMask = 2147483647;
			files = (
				A5857E8466B7C1996E2B81D0 /* Pods_iOSArchRESTClient.framework in Frameworks */,
				4517798C7708706444B5817A /* Pods_iOSArchRESTClient.framework in Frameworks */,
			);
			runOnlyForDeploymentPostprocessing = 0;
		};
		3F4615432191925400CF4BBB /* Frameworks */ = {
			isa = PBXFrameworksBuildPhase;
			buildActionMask = 2147483647;
			files = (
				2B482C075EE4B4BAD949F438 /* Pods_iOSArchRESTClientTests.framework in Frameworks */,
			);
			runOnlyForDeploymentPostprocessing = 0;
		};
		3F46154E2191925400CF4BBB /* Frameworks */ = {
			isa = PBXFrameworksBuildPhase;
			buildActionMask = 2147483647;
			files = (
				26BC216FC9B2FF140EBB3397 /* Pods_iOSArchRESTClientUITests.framework in Frameworks */,
			);
			runOnlyForDeploymentPostprocessing = 0;
		};
		3F9299F9219297FC003B0243 /* Frameworks */ = {
			isa = PBXFrameworksBuildPhase;
			buildActionMask = 2147483647;
			files = (
				3F929A1C2192A049003B0243 /* HealthKit.framework in Frameworks */,
			);
			runOnlyForDeploymentPostprocessing = 0;
		};
/* End PBXFrameworksBuildPhase section */

/* Begin PBXGroup section */
		2DDC49B43DC88862BEE3EDAD /* Pods */ = {
			isa = PBXGroup;
			children = (
				10D8535A9864FF9AE25DEC29 /* Pods-iOSArchRESTClientTests.debug.xcconfig */,
				271CD69E8D76779E430FD6ED /* Pods-iOSArchRESTClientTests.release.xcconfig */,
				0141D1C66E074720B87A6EFA /* Pods-iOSArchRESTClientUITests.debug.xcconfig */,
				5AADE1A802FBFC81340E39B7 /* Pods-iOSArchRESTClientUITests.release.xcconfig */,
				9D12947248DA83FF0E73C17C /* Pods-iOSArchRESTClient.debug.xcconfig */,
				E798C3D9819610B052086964 /* Pods-iOSArchRESTClient.debug-prod.xcconfig */,
				90289F1FF8C5B1C7922DBE0B /* Pods-iOSArchRESTClient.debug-stag.xcconfig */,
				51A5F1EDDB6231CFAC9C4813 /* Pods-iOSArchRESTClient.debug-test.xcconfig */,
				62B9E582EEA65574CBC29EDF /* Pods-iOSArchRESTClient.release.xcconfig */,
				DE15E46A54228AE21000E858 /* Pods-iOSArchRESTClient.release-prod.xcconfig */,
				767EECD5773262D9BBD5CED9 /* Pods-iOSArchRESTClient.release-stag.xcconfig */,
				80496A27FE0E77898839D5BF /* Pods-iOSArchRESTClient.release-test.xcconfig */,
				E05907F9AFD69E713F233B1E /* Pods-iOSArchRESTClientTests.debug-prod.xcconfig */,
				83C4EC932F8FC83E8ACDB3FC /* Pods-iOSArchRESTClientTests.debug-stag.xcconfig */,
				08BB687DBB7DF2D3F09DC7AE /* Pods-iOSArchRESTClientTests.debug-test.xcconfig */,
				6A66DF9D1262992A227C3AC3 /* Pods-iOSArchRESTClientTests.release-prod.xcconfig */,
				BA7FEFA455CF03374FC86784 /* Pods-iOSArchRESTClientTests.release-stag.xcconfig */,
				F1552BADB058A54E9D7FAF2E /* Pods-iOSArchRESTClientTests.release-test.xcconfig */,
				BD99210D0F8241C6BE981798 /* Pods-iOSArchRESTClientUITests.debug-prod.xcconfig */,
				B784EAC019334C4F7DBE68F4 /* Pods-iOSArchRESTClientUITests.debug-stag.xcconfig */,
				10434DA2D57C561AB633E97B /* Pods-iOSArchRESTClientUITests.debug-test.xcconfig */,
				904B598EB7E3704E7F4628B8 /* Pods-iOSArchRESTClientUITests.release-prod.xcconfig */,
				53C8A27FA0C9058532D10914 /* Pods-iOSArchRESTClientUITests.release-stag.xcconfig */,
				15DEE36BD27ECAB78E198A7E /* Pods-iOSArchRESTClientUITests.release-test.xcconfig */,
			);
			name = Pods;
			sourceTree = "<group>";
		};
		3F4615292191924400CF4BBB = {
			isa = PBXGroup;
			children = (
				3F4615342191924500CF4BBB /* iOSArchRESTClient */,
				3F4615492191925400CF4BBB /* iOSArchRESTClientTests */,
				3F4615542191925400CF4BBB /* iOSArchRESTClientUITests */,
				3F4615332191924500CF4BBB /* Products */,
				2DDC49B43DC88862BEE3EDAD /* Pods */,
				FC03B98B755D07CCA122DB18 /* Frameworks */,
			);
			sourceTree = "<group>";
		};
		3F4615332191924500CF4BBB /* Products */ = {
			isa = PBXGroup;
			children = (
				3F4615322191924500CF4BBB /* iOSArchRESTClient.app */,
				3F4615462191925400CF4BBB /* iOSArchRESTClientTests.xctest */,
				3F4615512191925400CF4BBB /* iOSArchRESTClientUITests.xctest */,
				3F929A08219297FC003B0243 /* iOSArchRESTClient-dev.app */,
			);
			name = Products;
			sourceTree = "<group>";
		};
		3F4615342191924500CF4BBB /* iOSArchRESTClient */ = {
			isa = PBXGroup;
			children = (
				3F4615632191965000CF4BBB /* Application */,
				3F4615662191967500CF4BBB /* ViewControllers */,
				3F4615672191968500CF4BBB /* ViewModels */,
				3F4615652191966900CF4BBB /* Models */,
				3F4615642191965B00CF4BBB /* Views */,
				3F46156A219196E200CF4BBB /* Helpers */,
				3F46156C219196FA00CF4BBB /* Services */,
				3F461569219196D400CF4BBB /* Extensions */,
				3F46156B219196F000CF4BBB /* Libraries */,
				3F4615682191969C00CF4BBB /* Resources */,
			);
			path = iOSArchRESTClient;
			sourceTree = "<group>";
		};
		3F4615492191925400CF4BBB /* iOSArchRESTClientTests */ = {
			isa = PBXGroup;
			children = (
				3F46154A2191925400CF4BBB /* iOSArchRESTClientTests.swift */,
				3F46154C2191925400CF4BBB /* Info.plist */,
			);
			path = iOSArchRESTClientTests;
			sourceTree = "<group>";
		};
		3F4615542191925400CF4BBB /* iOSArchRESTClientUITests */ = {
			isa = PBXGroup;
			children = (
				3F4615552191925400CF4BBB /* iOSArchRESTClientUITests.swift */,
				3F4615572191925400CF4BBB /* Info.plist */,
			);
			path = iOSArchRESTClientUITests;
			sourceTree = "<group>";
		};
		3F4615632191965000CF4BBB /* Application */ = {
			isa = PBXGroup;
			children = (
				3F929A0B21929C39003B0243 /* DEV */,
				3F929A0A21929C2C003B0243 /* PROD */,
				3F4615352191924500CF4BBB /* AppDelegate.swift */,
			);
			path = Application;
			sourceTree = "<group>";
		};
		3F4615642191965B00CF4BBB /* Views */ = {
			isa = PBXGroup;
			children = (
				3F461571219198FA00CF4BBB /* StoryBoards */,
			);
			path = Views;
			sourceTree = "<group>";
		};
		3F4615652191966900CF4BBB /* Models */ = {
			isa = PBXGroup;
			children = (
				3F46156E2191985F00CF4BBB /* Model */,
				3F46156D2191981800CF4BBB /* Local */,
				3F46156F2191986900CF4BBB /* Remote */,
				3F4615702191987200CF4BBB /* Repository */,
			);
			path = Models;
			sourceTree = "<group>";
		};
		3F4615662191967500CF4BBB /* ViewControllers */ = {
			isa = PBXGroup;
			children = (
				3F4615372191924500CF4BBB /* ViewController.swift */,
			);
			path = ViewControllers;
			sourceTree = "<group>";
		};
		3F4615672191968500CF4BBB /* ViewModels */ = {
			isa = PBXGroup;
			children = (
			);
			path = ViewModels;
			sourceTree = "<group>";
		};
		3F4615682191969C00CF4BBB /* Resources */ = {
			isa = PBXGroup;
			children = (
				3F46153C2191925300CF4BBB /* Assets.xcassets */,
			);
			path = Resources;
			sourceTree = "<group>";
		};
		3F461569219196D400CF4BBB /* Extensions */ = {
			isa = PBXGroup;
			children = (
			);
			path = Extensions;
			sourceTree = "<group>";
		};
		3F46156A219196E200CF4BBB /* Helpers */ = {
			isa = PBXGroup;
			children = (
			);
			path = Helpers;
			sourceTree = "<group>";
		};
		3F46156B219196F000CF4BBB /* Libraries */ = {
			isa = PBXGroup;
			children = (
			);
			path = Libraries;
			sourceTree = "<group>";
		};
		3F46156C219196FA00CF4BBB /* Services */ = {
			isa = PBXGroup;
			children = (
			);
			path = Services;
			sourceTree = "<group>";
		};
		3F46156D2191981800CF4BBB /* Local */ = {
			isa = PBXGroup;
			children = (
			);
			path = Local;
			sourceTree = "<group>";
		};
		3F46156E2191985F00CF4BBB /* Model */ = {
			isa = PBXGroup;
			children = (
			);
			path = Model;
			sourceTree = "<group>";
		};
		3F46156F2191986900CF4BBB /* Remote */ = {
			isa = PBXGroup;
			children = (
			);
			path = Remote;
			sourceTree = "<group>";
		};
		3F4615702191987200CF4BBB /* Repository */ = {
			isa = PBXGroup;
			children = (
			);
			path = Repository;
			sourceTree = "<group>";
		};
		3F461571219198FA00CF4BBB /* StoryBoards */ = {
			isa = PBXGroup;
			children = (
				3F46153E2191925300CF4BBB /* LaunchScreen.storyboard */,
				3F4615392191924500CF4BBB /* Main.storyboard */,
			);
			path = StoryBoards;
			sourceTree = "<group>";
		};
		3F929A0A21929C2C003B0243 /* PROD */ = {
			isa = PBXGroup;
			children = (
				3F929A1021929CF5003B0243 /* App.entitlements */,
				3F929A09219297FD003B0243 /* Info.plist */,
			);
			path = PROD;
			sourceTree = "<group>";
		};
		3F929A0B21929C39003B0243 /* DEV */ = {
			isa = PBXGroup;
			children = (
				3F929A1D2192A049003B0243 /* App.entitlements */,
				3F4615412191925300CF4BBB /* Info.plist */,
			);
			path = DEV;
			sourceTree = "<group>";
		};
		FC03B98B755D07CCA122DB18 /* Frameworks */ = {
			isa = PBXGroup;
			children = (
				3F929A1B2192A049003B0243 /* HealthKit.framework */,
				5282183C43D1B792C1BFBE51 /* Pods_iOSArchRESTClient.framework */,
				A1CEC6DB340A6E9C1A6086AF /* Pods_iOSArchRESTClientTests.framework */,
				857798E65A64D32E7826699F /* Pods_iOSArchRESTClientUITests.framework */,
			);
			name = Frameworks;
			sourceTree = "<group>";
		};
/* End PBXGroup section */

/* Begin PBXNativeTarget section */
		3F4615312191924500CF4BBB /* iOSArchRESTClient */ = {
			isa = PBXNativeTarget;
			buildConfigurationList = 3F46155A2191925400CF4BBB /* Build configuration list for PBXNativeTarget "iOSArchRESTClient" */;
			buildPhases = (
				E32F3916015BCF45199E5133 /* [CP] Check Pods Manifest.lock */,
				3F46152E2191924500CF4BBB /* Sources */,
				3F46152F2191924500CF4BBB /* Frameworks */,
				3F4615302191924500CF4BBB /* Resources */,
			);
			buildRules = (
			);
			dependencies = (
			);
			name = iOSArchRESTClient;
			productName = iOSArchRESTClient;
			productReference = 3F4615322191924500CF4BBB /* iOSArchRESTClient.app */;
			productType = "com.apple.product-type.application";
		};
		3F4615452191925400CF4BBB /* iOSArchRESTClientTests */ = {
			isa = PBXNativeTarget;
			buildConfigurationList = 3F46155D2191925400CF4BBB /* Build configuration list for PBXNativeTarget "iOSArchRESTClientTests" */;
			buildPhases = (
				793A68EEAA54936599E6903E /* [CP] Check Pods Manifest.lock */,
				3F4615422191925400CF4BBB /* Sources */,
				3F4615432191925400CF4BBB /* Frameworks */,
				3F4615442191925400CF4BBB /* Resources */,
			);
			buildRules = (
			);
			dependencies = (
				3F4615482191925400CF4BBB /* PBXTargetDependency */,
			);
			name = iOSArchRESTClientTests;
			productName = iOSArchRESTClientTests;
			productReference = 3F4615462191925400CF4BBB /* iOSArchRESTClientTests.xctest */;
			productType = "com.apple.product-type.bundle.unit-test";
		};
		3F4615502191925400CF4BBB /* iOSArchRESTClientUITests */ = {
			isa = PBXNativeTarget;
			buildConfigurationList = 3F4615602191925400CF4BBB /* Build configuration list for PBXNativeTarget "iOSArchRESTClientUITests" */;
			buildPhases = (
				5921B1C564A3A98B2308223E /* [CP] Check Pods Manifest.lock */,
				3F46154D2191925400CF4BBB /* Sources */,
				3F46154E2191925400CF4BBB /* Frameworks */,
				3F46154F2191925400CF4BBB /* Resources */,
			);
			buildRules = (
			);
			dependencies = (
				3F4615532191925400CF4BBB /* PBXTargetDependency */,
			);
			name = iOSArchRESTClientUITests;
			productName = iOSArchRESTClientUITests;
			productReference = 3F4615512191925400CF4BBB /* iOSArchRESTClientUITests.xctest */;
			productType = "com.apple.product-type.bundle.ui-testing";
		};
		3F9299F4219297FC003B0243 /* iOSArchRESTClient-dev */ = {
			isa = PBXNativeTarget;
			buildConfigurationList = 3F9299FF219297FC003B0243 /* Build configuration list for PBXNativeTarget "iOSArchRESTClient-dev" */;
			buildPhases = (
				3F9299F6219297FC003B0243 /* Sources */,
				3F9299F9219297FC003B0243 /* Frameworks */,
				3F9299FB219297FC003B0243 /* Resources */,
			);
			buildRules = (
			);
			dependencies = (
			);
			name = "iOSArchRESTClient-dev";
			productName = iOSArchRESTClient;
			productReference = 3F929A08219297FC003B0243 /* iOSArchRESTClient-dev.app */;
			productType = "com.apple.product-type.application";
		};
/* End PBXNativeTarget section */

/* Begin PBXProject section */
		3F46152A2191924400CF4BBB /* Project object */ = {
			isa = PBXProject;
			attributes = {
				LastSwiftUpdateCheck = 1010;
				LastUpgradeCheck = 1010;
				ORGANIZATIONNAME = hiensiga;
				TargetAttributes = {
					3F4615312191924500CF4BBB = {
						CreatedOnToolsVersion = 10.1;
						SystemCapabilities = {
							com.apple.BackgroundModes = {
								enabled = 0;
							};
							com.apple.HealthKit = {
								enabled = 0;
							};
							com.apple.InterAppAudio = {
								enabled = 0;
							};
							com.apple.Keychain = {
								enabled = 0;
							};
							com.apple.VPNLite = {
								enabled = 0;
							};
						};
					};
					3F4615452191925400CF4BBB = {
						CreatedOnToolsVersion = 10.1;
						TestTargetID = 3F4615312191924500CF4BBB;
					};
					3F4615502191925400CF4BBB = {
						CreatedOnToolsVersion = 10.1;
						TestTargetID = 3F4615312191924500CF4BBB;
					};
					3F9299F4219297FC003B0243 = {
						SystemCapabilities = {
							com.apple.BackgroundModes = {
								enabled = 0;
							};
							com.apple.HealthKit = {
								enabled = 1;
							};
							com.apple.HomeKit = {
								enabled = 0;
							};
						};
					};
				};
			};
			buildConfigurationList = 3F46152D2191924400CF4BBB /* Build configuration list for PBXProject "iOSArchRESTClient" */;
			compatibilityVersion = "Xcode 9.3";
			developmentRegion = en;
			hasScannedForEncodings = 0;
			knownRegions = (
				en,
				Base,
			);
			mainGroup = 3F4615292191924400CF4BBB;
			productRefGroup = 3F4615332191924500CF4BBB /* Products */;
			projectDirPath = "";
			projectRoot = "";
			targets = (
				3F9299F4219297FC003B0243 /* iOSArchRESTClient-dev */,
				3F4615312191924500CF4BBB /* iOSArchRESTClient */,
				3F4615452191925400CF4BBB /* iOSArchRESTClientTests */,
				3F4615502191925400CF4BBB /* iOSArchRESTClientUITests */,
			);
		};
/* End PBXProject section */

/* Begin PBXResourcesBuildPhase section */
		3F4615302191924500CF4BBB /* Resources */ = {
			isa = PBXResourcesBuildPhase;
			buildActionMask = 2147483647;
			files = (
				3F4615402191925300CF4BBB /* LaunchScreen.storyboard in Resources */,
				3F46153D2191925300CF4BBB /* Assets.xcassets in Resources */,
				3F46153B2191924500CF4BBB /* Main.storyboard in Resources */,
			);
			runOnlyForDeploymentPostprocessing = 0;
		};
		3F4615442191925400CF4BBB /* Resources */ = {
			isa = PBXResourcesBuildPhase;
			buildActionMask = 2147483647;
			files = (
			);
			runOnlyForDeploymentPostprocessing = 0;
		};
		3F46154F2191925400CF4BBB /* Resources */ = {
			isa = PBXResourcesBuildPhase;
			buildActionMask = 2147483647;
			files = (
			);
			runOnlyForDeploymentPostprocessing = 0;
		};
		3F9299FB219297FC003B0243 /* Resources */ = {
			isa = PBXResourcesBuildPhase;
			buildActionMask = 2147483647;
			files = (
				3F9299FC219297FC003B0243 /* LaunchScreen.storyboard in Resources */,
				3F9299FD219297FC003B0243 /* Assets.xcassets in Resources */,
				3F9299FE219297FC003B0243 /* Main.storyboard in Resources */,
			);
			runOnlyForDeploymentPostprocessing = 0;
		};
/* End PBXResourcesBuildPhase section */

/* Begin PBXShellScriptBuildPhase section */
		5921B1C564A3A98B2308223E /* [CP] Check Pods Manifest.lock */ = {
			isa = PBXShellScriptBuildPhase;
			buildActionMask = 2147483647;
			files = (
			);
			inputFileListPaths = (
			);
			inputPaths = (
				"${PODS_PODFILE_DIR_PATH}/Podfile.lock",
				"${PODS_ROOT}/Manifest.lock",
			);
			name = "[CP] Check Pods Manifest.lock";
			outputFileListPaths = (
			);
			outputPaths = (
				"$(DERIVED_FILE_DIR)/Pods-iOSArchRESTClientUITests-checkManifestLockResult.txt",
			);
			runOnlyForDeploymentPostprocessing = 0;
			shellPath = /bin/sh;
			shellScript = "diff \"${PODS_PODFILE_DIR_PATH}/Podfile.lock\" \"${PODS_ROOT}/Manifest.lock\" > /dev/null\nif [ $? != 0 ] ; then\n    # print error to STDERR\n    echo \"error: The sandbox is not in sync with the Podfile.lock. Run 'pod install' or update your CocoaPods installation.\" >&2\n    exit 1\nfi\n# This output is used by Xcode 'outputs' to avoid re-running this script phase.\necho \"SUCCESS\" > \"${SCRIPT_OUTPUT_FILE_0}\"\n";
			showEnvVarsInLog = 0;
		};
		793A68EEAA54936599E6903E /* [CP] Check Pods Manifest.lock */ = {
			isa = PBXShellScriptBuildPhase;
			buildActionMask = 2147483647;
			files = (
			);
			inputFileListPaths = (
			);
			inputPaths = (
				"${PODS_PODFILE_DIR_PATH}/Podfile.lock",
				"${PODS_ROOT}/Manifest.lock",
			);
			name = "[CP] Check Pods Manifest.lock";
			outputFileListPaths = (
			);
			outputPaths = (
				"$(DERIVED_FILE_DIR)/Pods-iOSArchRESTClientTests-checkManifestLockResult.txt",
			);
			runOnlyForDeploymentPostprocessing = 0;
			shellPath = /bin/sh;
			shellScript = "diff \"${PODS_PODFILE_DIR_PATH}/Podfile.lock\" \"${PODS_ROOT}/Manifest.lock\" > /dev/null\nif [ $? != 0 ] ; then\n    # print error to STDERR\n    echo \"error: The sandbox is not in sync with the Podfile.lock. Run 'pod install' or update your CocoaPods installation.\" >&2\n    exit 1\nfi\n# This output is used by Xcode 'outputs' to avoid re-running this script phase.\necho \"SUCCESS\" > \"${SCRIPT_OUTPUT_FILE_0}\"\n";
			showEnvVarsInLog = 0;
		};
		E32F3916015BCF45199E5133 /* [CP] Check Pods Manifest.lock */ = {
			isa = PBXShellScriptBuildPhase;
			buildActionMask = 2147483647;
			files = (
			);
			inputFileListPaths = (
			);
			inputPaths = (
				"${PODS_PODFILE_DIR_PATH}/Podfile.lock",
				"${PODS_ROOT}/Manifest.lock",
			);
			name = "[CP] Check Pods Manifest.lock";
			outputFileListPaths = (
			);
			outputPaths = (
				"$(DERIVED_FILE_DIR)/Pods-iOSArchRESTClient-checkManifestLockResult.txt",
			);
			runOnlyForDeploymentPostprocessing = 0;
			shellPath = /bin/sh;
			shellScript = "diff \"${PODS_PODFILE_DIR_PATH}/Podfile.lock\" \"${PODS_ROOT}/Manifest.lock\" > /dev/null\nif [ $? != 0 ] ; then\n    # print error to STDERR\n    echo \"error: The sandbox is not in sync with the Podfile.lock. Run 'pod install' or update your CocoaPods installation.\" >&2\n    exit 1\nfi\n# This output is used by Xcode 'outputs' to avoid re-running this script phase.\necho \"SUCCESS\" > \"${SCRIPT_OUTPUT_FILE_0}\"\n";
			showEnvVarsInLog = 0;
		};
/* End PBXShellScriptBuildPhase section */

/* Begin PBXSourcesBuildPhase section */
		3F46152E2191924500CF4BBB /* Sources */ = {
			isa = PBXSourcesBuildPhase;
			buildActionMask = 2147483647;
			files = (
				3F4615382191924500CF4BBB /* ViewController.swift in Sources */,
				3F4615362191924500CF4BBB /* AppDelegate.swift in Sources */,
			);
			runOnlyForDeploymentPostprocessing = 0;
		};
		3F4615422191925400CF4BBB /* Sources */ = {
			isa = PBXSourcesBuildPhase;
			buildActionMask = 2147483647;
			files = (
				3F46154B2191925400CF4BBB /* iOSArchRESTClientTests.swift in Sources */,
			);
			runOnlyForDeploymentPostprocessing = 0;
		};
		3F46154D2191925400CF4BBB /* Sources */ = {
			isa = PBXSourcesBuildPhase;
			buildActionMask = 2147483647;
			files = (
				3F4615562191925400CF4BBB /* iOSArchRESTClientUITests.swift in Sources */,
			);
			runOnlyForDeploymentPostprocessing = 0;
		};
		3F9299F6219297FC003B0243 /* Sources */ = {
			isa = PBXSourcesBuildPhase;
			buildActionMask = 2147483647;
			files = (
				3F9299F7219297FC003B0243 /* ViewController.swift in Sources */,
				3F9299F8219297FC003B0243 /* AppDelegate.swift in Sources */,
			);
			runOnlyForDeploymentPostprocessing = 0;
		};
/* End PBXSourcesBuildPhase section */

/* Begin PBXTargetDependency section */
		3F4615482191925400CF4BBB /* PBXTargetDependency */ = {
			isa = PBXTargetDependency;
			target = 3F4615312191924500CF4BBB /* iOSArchRESTClient */;
			targetProxy = 3F4615472191925400CF4BBB /* PBXContainerItemProxy */;
		};
		3F4615532191925400CF4BBB /* PBXTargetDependency */ = {
			isa = PBXTargetDependency;
			target = 3F4615312191924500CF4BBB /* iOSArchRESTClient */;
			targetProxy = 3F4615522191925400CF4BBB /* PBXContainerItemProxy */;
		};
/* End PBXTargetDependency section */

/* Begin PBXVariantGroup section */
		3F4615392191924500CF4BBB /* Main.storyboard */ = {
			isa = PBXVariantGroup;
			children = (
				3F46153A2191924500CF4BBB /* Base */,
			);
			name = Main.storyboard;
			sourceTree = "<group>";
		};
		3F46153E2191925300CF4BBB /* LaunchScreen.storyboard */ = {
			isa = PBXVariantGroup;
			children = (
				3F46153F2191925300CF4BBB /* Base */,
			);
			name = LaunchScreen.storyboard;
			sourceTree = "<group>";
		};
/* End PBXVariantGroup section */

/* Begin XCBuildConfiguration section */
		3F4615582191925400CF4BBB /* Debug */ = {
			isa = XCBuildConfiguration;
			buildSettings = {
				ALWAYS_SEARCH_USER_PATHS = NO;
				CLANG_ANALYZER_NONNULL = YES;
				CLANG_ANALYZER_NUMBER_OBJECT_CONVERSION = YES_AGGRESSIVE;
				CLANG_CXX_LANGUAGE_STANDARD = "gnu++14";
				CLANG_CXX_LIBRARY = "libc++";
				CLANG_ENABLE_MODULES = YES;
				CLANG_ENABLE_OBJC_ARC = YES;
				CLANG_ENABLE_OBJC_WEAK = YES;
				CLANG_WARN_BLOCK_CAPTURE_AUTORELEASING = YES;
				CLANG_WARN_BOOL_CONVERSION = YES;
				CLANG_WARN_COMMA = YES;
				CLANG_WARN_CONSTANT_CONVERSION = YES;
				CLANG_WARN_DEPRECATED_OBJC_IMPLEMENTATIONS = YES;
				CLANG_WARN_DIRECT_OBJC_ISA_USAGE = YES_ERROR;
				CLANG_WARN_DOCUMENTATION_COMMENTS = YES;
				CLANG_WARN_EMPTY_BODY = YES;
				CLANG_WARN_ENUM_CONVERSION = YES;
				CLANG_WARN_INFINITE_RECURSION = YES;
				CLANG_WARN_INT_CONVERSION = YES;
				CLANG_WARN_NON_LITERAL_NULL_CONVERSION = YES;
				CLANG_WARN_OBJC_IMPLICIT_RETAIN_SELF = YES;
				CLANG_WARN_OBJC_LITERAL_CONVERSION = YES;
				CLANG_WARN_OBJC_ROOT_CLASS = YES_ERROR;
				CLANG_WARN_RANGE_LOOP_ANALYSIS = YES;
				CLANG_WARN_STRICT_PROTOTYPES = YES;
				CLANG_WARN_SUSPICIOUS_MOVE = YES;
				CLANG_WARN_UNGUARDED_AVAILABILITY = YES_AGGRESSIVE;
				CLANG_WARN_UNREACHABLE_CODE = YES;
				CLANG_WARN__DUPLICATE_METHOD_MATCH = YES;
				CODE_SIGN_IDENTITY = "iPhone Developer";
				COPY_PHASE_STRIP = NO;
				DEBUG_INFORMATION_FORMAT = dwarf;
				ENABLE_STRICT_OBJC_MSGSEND = YES;
				ENABLE_TESTABILITY = YES;
				GCC_C_LANGUAGE_STANDARD = gnu11;
				GCC_DYNAMIC_NO_PIC = NO;
				GCC_NO_COMMON_BLOCKS = YES;
				GCC_OPTIMIZATION_LEVEL = 0;
				GCC_PREPROCESSOR_DEFINITIONS = (
					"DEBUG=1",
					"$(inherited)",
				);
				GCC_WARN_64_TO_32_BIT_CONVERSION = YES;
				GCC_WARN_ABOUT_RETURN_TYPE = YES_ERROR;
				GCC_WARN_UNDECLARED_SELECTOR = YES;
				GCC_WARN_UNINITIALIZED_AUTOS = YES_AGGRESSIVE;
				GCC_WARN_UNUSED_FUNCTION = YES;
				GCC_WARN_UNUSED_VARIABLE = YES;
				IPHONEOS_DEPLOYMENT_TARGET = 12.1;
				MTL_ENABLE_DEBUG_INFO = INCLUDE_SOURCE;
				MTL_FAST_MATH = YES;
				ONLY_ACTIVE_ARCH = YES;
				SDKROOT = iphoneos;
				SWIFT_ACTIVE_COMPILATION_CONDITIONS = DEBUG;
				SWIFT_OPTIMIZATION_LEVEL = "-Onone";
			};
			name = Debug;
		};
		3F4615592191925400CF4BBB /* Release */ = {
			isa = XCBuildConfiguration;
			buildSettings = {
				ALWAYS_SEARCH_USER_PATHS = NO;
				CLANG_ANALYZER_NONNULL = YES;
				CLANG_ANALYZER_NUMBER_OBJECT_CONVERSION = YES_AGGRESSIVE;
				CLANG_CXX_LANGUAGE_STANDARD = "gnu++14";
				CLANG_CXX_LIBRARY = "libc++";
				CLANG_ENABLE_MODULES = YES;
				CLANG_ENABLE_OBJC_ARC = YES;
				CLANG_ENABLE_OBJC_WEAK = YES;
				CLANG_WARN_BLOCK_CAPTURE_AUTORELEASING = YES;
				CLANG_WARN_BOOL_CONVERSION = YES;
				CLANG_WARN_COMMA = YES;
				CLANG_WARN_CONSTANT_CONVERSION = YES;
				CLANG_WARN_DEPRECATED_OBJC_IMPLEMENTATIONS = YES;
				CLANG_WARN_DIRECT_OBJC_ISA_USAGE = YES_ERROR;
				CLANG_WARN_DOCUMENTATION_COMMENTS = YES;
				CLANG_WARN_EMPTY_BODY = YES;
				CLANG_WARN_ENUM_CONVERSION = YES;
				CLANG_WARN_INFINITE_RECURSION = YES;
				CLANG_WARN_INT_CONVERSION = YES;
				CLANG_WARN_NON_LITERAL_NULL_CONVERSION = YES;
				CLANG_WARN_OBJC_IMPLICIT_RETAIN_SELF = YES;
				CLANG_WARN_OBJC_LITERAL_CONVERSION = YES;
				CLANG_WARN_OBJC_ROOT_CLASS = YES_ERROR;
				CLANG_WARN_RANGE_LOOP_ANALYSIS = YES;
				CLANG_WARN_STRICT_PROTOTYPES = YES;
				CLANG_WARN_SUSPICIOUS_MOVE = YES;
				CLANG_WARN_UNGUARDED_AVAILABILITY = YES_AGGRESSIVE;
				CLANG_WARN_UNREACHABLE_CODE = YES;
				CLANG_WARN__DUPLICATE_METHOD_MATCH = YES;
				CODE_SIGN_IDENTITY = "iPhone Developer";
				COPY_PHASE_STRIP = NO;
				DEBUG_INFORMATION_FORMAT = "dwarf-with-dsym";
				ENABLE_NS_ASSERTIONS = NO;
				ENABLE_STRICT_OBJC_MSGSEND = YES;
				GCC_C_LANGUAGE_STANDARD = gnu11;
				GCC_NO_COMMON_BLOCKS = YES;
				GCC_WARN_64_TO_32_BIT_CONVERSION = YES;
				GCC_WARN_ABOUT_RETURN_TYPE = YES_ERROR;
				GCC_WARN_UNDECLARED_SELECTOR = YES;
				GCC_WARN_UNINITIALIZED_AUTOS = YES_AGGRESSIVE;
				GCC_WARN_UNUSED_FUNCTION = YES;
				GCC_WARN_UNUSED_VARIABLE = YES;
				IPHONEOS_DEPLOYMENT_TARGET = 12.1;
				MTL_ENABLE_DEBUG_INFO = NO;
				MTL_FAST_MATH = YES;
				SDKROOT = iphoneos;
				SWIFT_COMPILATION_MODE = wholemodule;
				SWIFT_OPTIMIZATION_LEVEL = "-O";
				VALIDATE_PRODUCT = YES;
			};
			name = Release;
		};
		3F46155B2191925400CF4BBB /* Debug */ = {
			isa = XCBuildConfiguration;
			baseConfigurationReference = 9D12947248DA83FF0E73C17C /* Pods-iOSArchRESTClient.debug.xcconfig */;
			buildSettings = {
				APP_ENVIROMENT = "DEVELOPMENT=1";
				ASSETCATALOG_COMPILER_APPICON_NAME = AppIcon;
				CODE_SIGN_IDENTITY = "iPhone Developer";
				CODE_SIGN_STYLE = Manual;
				DEVELOPMENT_TEAM = "";
				INFOPLIST_FILE = "$(SRCROOT)/Info.plist";
				LD_RUNPATH_SEARCH_PATHS = (
					"$(inherited)",
					"@executable_path/Frameworks",
				);
				PRODUCT_BUNDLE_IDENTIFIER = "com.company.your-customer";
				PRODUCT_NAME = "$(TARGET_NAME)";
				PROVISIONING_PROFILE_SPECIFIER = "";
				SWIFT_VERSION = 4.2;
				TARGETED_DEVICE_FAMILY = "1,2";
			};
			name = Debug;
		};
		3F46155C2191925400CF4BBB /* Release */ = {
			isa = XCBuildConfiguration;
			baseConfigurationReference = 62B9E582EEA65574CBC29EDF /* Pods-iOSArchRESTClient.release.xcconfig */;
			buildSettings = {
				APP_ENVIROMENT = "DEVELOPMENT=1";
				ASSETCATALOG_COMPILER_APPICON_NAME = AppIcon;
				CODE_SIGN_IDENTITY = "iPhone Developer";
				CODE_SIGN_STYLE = Manual;
				DEVELOPMENT_TEAM = "";
				INFOPLIST_FILE = "$(SRCROOT)/Info.plist";
				LD_RUNPATH_SEARCH_PATHS = (
					"$(inherited)",
					"@executable_path/Frameworks",
				);
				PRODUCT_BUNDLE_IDENTIFIER = "com.company.your-customer";
				PRODUCT_NAME = "$(TARGET_NAME)";
				PROVISIONING_PROFILE_SPECIFIER = "";
				SWIFT_VERSION = 4.2;
				TARGETED_DEVICE_FAMILY = "1,2";
			};
			name = Release;
		};
		3F46155E2191925400CF4BBB /* Debug */ = {
			isa = XCBuildConfiguration;
			baseConfigurationReference = 10D8535A9864FF9AE25DEC29 /* Pods-iOSArchRESTClientTests.debug.xcconfig */;
			buildSettings = {
				ALWAYS_EMBED_SWIFT_STANDARD_LIBRARIES = YES;
				BUNDLE_LOADER = "$(TEST_HOST)";
				CODE_SIGN_STYLE = Automatic;
				DEVELOPMENT_TEAM = H7XX8W448R;
				INFOPLIST_FILE = iOSArchRESTClientTests/Info.plist;
				LD_RUNPATH_SEARCH_PATHS = (
					"$(inherited)",
					"@executable_path/Frameworks",
					"@loader_path/Frameworks",
				);
				PRODUCT_BUNDLE_IDENTIFIER = com.hsg.iOSArchRESTClientTests;
				PRODUCT_NAME = "$(TARGET_NAME)";
				SWIFT_VERSION = 4.2;
				TARGETED_DEVICE_FAMILY = "1,2";
				TEST_HOST = "$(BUILT_PRODUCTS_DIR)/iOSArchRESTClient.app/iOSArchRESTClient";
			};
			name = Debug;
		};
		3F46155F2191925400CF4BBB /* Release */ = {
			isa = XCBuildConfiguration;
			baseConfigurationReference = 271CD69E8D76779E430FD6ED /* Pods-iOSArchRESTClientTests.release.xcconfig */;
			buildSettings = {
				ALWAYS_EMBED_SWIFT_STANDARD_LIBRARIES = YES;
				BUNDLE_LOADER = "$(TEST_HOST)";
				CODE_SIGN_STYLE = Automatic;
				DEVELOPMENT_TEAM = H7XX8W448R;
				INFOPLIST_FILE = iOSArchRESTClientTests/Info.plist;
				LD_RUNPATH_SEARCH_PATHS = (
					"$(inherited)",
					"@executable_path/Frameworks",
					"@loader_path/Frameworks",
				);
				PRODUCT_BUNDLE_IDENTIFIER = com.hsg.iOSArchRESTClientTests;
				PRODUCT_NAME = "$(TARGET_NAME)";
				SWIFT_VERSION = 4.2;
				TARGETED_DEVICE_FAMILY = "1,2";
				TEST_HOST = "$(BUILT_PRODUCTS_DIR)/iOSArchRESTClient.app/iOSArchRESTClient";
			};
			name = Release;
		};
		3F4615612191925400CF4BBB /* Debug */ = {
			isa = XCBuildConfiguration;
			baseConfigurationReference = 0141D1C66E074720B87A6EFA /* Pods-iOSArchRESTClientUITests.debug.xcconfig */;
			buildSettings = {
				ALWAYS_EMBED_SWIFT_STANDARD_LIBRARIES = YES;
				CODE_SIGN_STYLE = Automatic;
				DEVELOPMENT_TEAM = H7XX8W448R;
				INFOPLIST_FILE = iOSArchRESTClientUITests/Info.plist;
				LD_RUNPATH_SEARCH_PATHS = (
					"$(inherited)",
					"@executable_path/Frameworks",
					"@loader_path/Frameworks",
				);
				PRODUCT_BUNDLE_IDENTIFIER = com.hsg.iOSArchRESTClientUITests;
				PRODUCT_NAME = "$(TARGET_NAME)";
				SWIFT_VERSION = 4.2;
				TARGETED_DEVICE_FAMILY = "1,2";
				TEST_TARGET_NAME = iOSArchRESTClient;
			};
			name = Debug;
		};
		3F4615622191925400CF4BBB /* Release */ = {
			isa = XCBuildConfiguration;
			baseConfigurationReference = 5AADE1A802FBFC81340E39B7 /* Pods-iOSArchRESTClientUITests.release.xcconfig */;
			buildSettings = {
				ALWAYS_EMBED_SWIFT_STANDARD_LIBRARIES = YES;
				CODE_SIGN_STYLE = Automatic;
				DEVELOPMENT_TEAM = H7XX8W448R;
				INFOPLIST_FILE = iOSArchRESTClientUITests/Info.plist;
				LD_RUNPATH_SEARCH_PATHS = (
					"$(inherited)",
					"@executable_path/Frameworks",
					"@loader_path/Frameworks",
				);
				PRODUCT_BUNDLE_IDENTIFIER = com.hsg.iOSArchRESTClientUITests;
				PRODUCT_NAME = "$(TARGET_NAME)";
				SWIFT_VERSION = 4.2;
				TARGETED_DEVICE_FAMILY = "1,2";
				TEST_TARGET_NAME = iOSArchRESTClient;
			};
			name = Release;
		};
		3F9299DC21929713003B0243 /* Debug-TEST */ = {
			isa = XCBuildConfiguration;
			buildSettings = {
				ALWAYS_SEARCH_USER_PATHS = NO;
				CLANG_ANALYZER_NONNULL = YES;
				CLANG_ANALYZER_NUMBER_OBJECT_CONVERSION = YES_AGGRESSIVE;
				CLANG_CXX_LANGUAGE_STANDARD = "gnu++14";
				CLANG_CXX_LIBRARY = "libc++";
				CLANG_ENABLE_MODULES = YES;
				CLANG_ENABLE_OBJC_ARC = YES;
				CLANG_ENABLE_OBJC_WEAK = YES;
				CLANG_WARN_BLOCK_CAPTURE_AUTORELEASING = YES;
				CLANG_WARN_BOOL_CONVERSION = YES;
				CLANG_WARN_COMMA = YES;
				CLANG_WARN_CONSTANT_CONVERSION = YES;
				CLANG_WARN_DEPRECATED_OBJC_IMPLEMENTATIONS = YES;
				CLANG_WARN_DIRECT_OBJC_ISA_USAGE = YES_ERROR;
				CLANG_WARN_DOCUMENTATION_COMMENTS = YES;
				CLANG_WARN_EMPTY_BODY = YES;
				CLANG_WARN_ENUM_CONVERSION = YES;
				CLANG_WARN_INFINITE_RECURSION = YES;
				CLANG_WARN_INT_CONVERSION = YES;
				CLANG_WARN_NON_LITERAL_NULL_CONVERSION = YES;
				CLANG_WARN_OBJC_IMPLICIT_RETAIN_SELF = YES;
				CLANG_WARN_OBJC_LITERAL_CONVERSION = YES;
				CLANG_WARN_OBJC_ROOT_CLASS = YES_ERROR;
				CLANG_WARN_RANGE_LOOP_ANALYSIS = YES;
				CLANG_WARN_STRICT_PROTOTYPES = YES;
				CLANG_WARN_SUSPICIOUS_MOVE = YES;
				CLANG_WARN_UNGUARDED_AVAILABILITY = YES_AGGRESSIVE;
				CLANG_WARN_UNREACHABLE_CODE = YES;
				CLANG_WARN__DUPLICATE_METHOD_MATCH = YES;
				CODE_SIGN_IDENTITY = "iPhone Developer";
				COPY_PHASE_STRIP = NO;
				DEBUG_INFORMATION_FORMAT = dwarf;
				ENABLE_STRICT_OBJC_MSGSEND = YES;
				ENABLE_TESTABILITY = YES;
				GCC_C_LANGUAGE_STANDARD = gnu11;
				GCC_DYNAMIC_NO_PIC = NO;
				GCC_NO_COMMON_BLOCKS = YES;
				GCC_OPTIMIZATION_LEVEL = 0;
				GCC_PREPROCESSOR_DEFINITIONS = (
					"DEBUG=1",
					"$(inherited)",
				);
				GCC_WARN_64_TO_32_BIT_CONVERSION = YES;
				GCC_WARN_ABOUT_RETURN_TYPE = YES_ERROR;
				GCC_WARN_UNDECLARED_SELECTOR = YES;
				GCC_WARN_UNINITIALIZED_AUTOS = YES_AGGRESSIVE;
				GCC_WARN_UNUSED_FUNCTION = YES;
				GCC_WARN_UNUSED_VARIABLE = YES;
				IPHONEOS_DEPLOYMENT_TARGET = 12.1;
				MTL_ENABLE_DEBUG_INFO = INCLUDE_SOURCE;
				MTL_FAST_MATH = YES;
				ONLY_ACTIVE_ARCH = YES;
				SDKROOT = iphoneos;
				SWIFT_ACTIVE_COMPILATION_CONDITIONS = DEBUG;
				SWIFT_OPTIMIZATION_LEVEL = "-Onone";
			};
			name = "Debug-TEST";
		};
		3F9299DD21929713003B0243 /* Debug-TEST */ = {
			isa = XCBuildConfiguration;
			baseConfigurationReference = 51A5F1EDDB6231CFAC9C4813 /* Pods-iOSArchRESTClient.debug-test.xcconfig */;
			buildSettings = {
				APP_ENVIROMENT = "TESTING=1";
				ASSETCATALOG_COMPILER_APPICON_NAME = AppIcon;
				CODE_SIGN_IDENTITY = "iPhone Developer";
				CODE_SIGN_STYLE = Manual;
				DEVELOPMENT_TEAM = "";
				INFOPLIST_FILE = "$(SRCROOT)/Info.plist";
				LD_RUNPATH_SEARCH_PATHS = (
					"$(inherited)",
					"@executable_path/Frameworks",
				);
				PRODUCT_BUNDLE_IDENTIFIER = "com.company.your-customer";
				PRODUCT_NAME = "$(TARGET_NAME)";
				PROVISIONING_PROFILE_SPECIFIER = "";
				SWIFT_VERSION = 4.2;
				TARGETED_DEVICE_FAMILY = "1,2";
			};
			name = "Debug-TEST";
		};
		3F9299DE21929713003B0243 /* Debug-TEST */ = {
			isa = XCBuildConfiguration;
			baseConfigurationReference = 08BB687DBB7DF2D3F09DC7AE /* Pods-iOSArchRESTClientTests.debug-test.xcconfig */;
			buildSettings = {
				ALWAYS_EMBED_SWIFT_STANDARD_LIBRARIES = YES;
				BUNDLE_LOADER = "$(TEST_HOST)";
				CODE_SIGN_STYLE = Automatic;
				DEVELOPMENT_TEAM = H7XX8W448R;
				INFOPLIST_FILE = iOSArchRESTClientTests/Info.plist;
				LD_RUNPATH_SEARCH_PATHS = (
					"$(inherited)",
					"@executable_path/Frameworks",
					"@loader_path/Frameworks",
				);
				PRODUCT_BUNDLE_IDENTIFIER = com.hsg.iOSArchRESTClientTests;
				PRODUCT_NAME = "$(TARGET_NAME)";
				SWIFT_VERSION = 4.2;
				TARGETED_DEVICE_FAMILY = "1,2";
				TEST_HOST = "$(BUILT_PRODUCTS_DIR)/iOSArchRESTClient.app/iOSArchRESTClient";
			};
			name = "Debug-TEST";
		};
		3F9299DF21929713003B0243 /* Debug-TEST */ = {
			isa = XCBuildConfiguration;
			baseConfigurationReference = 10434DA2D57C561AB633E97B /* Pods-iOSArchRESTClientUITests.debug-test.xcconfig */;
			buildSettings = {
				ALWAYS_EMBED_SWIFT_STANDARD_LIBRARIES = YES;
				CODE_SIGN_STYLE = Automatic;
				DEVELOPMENT_TEAM = H7XX8W448R;
				INFOPLIST_FILE = iOSArchRESTClientUITests/Info.plist;
				LD_RUNPATH_SEARCH_PATHS = (
					"$(inherited)",
					"@executable_path/Frameworks",
					"@loader_path/Frameworks",
				);
				PRODUCT_BUNDLE_IDENTIFIER = com.hsg.iOSArchRESTClientUITests;
				PRODUCT_NAME = "$(TARGET_NAME)";
				SWIFT_VERSION = 4.2;
				TARGETED_DEVICE_FAMILY = "1,2";
				TEST_TARGET_NAME = iOSArchRESTClient;
			};
			name = "Debug-TEST";
		};
		3F9299E02192972E003B0243 /* Release-TEST */ = {
			isa = XCBuildConfiguration;
			buildSettings = {
				ALWAYS_SEARCH_USER_PATHS = NO;
				CLANG_ANALYZER_NONNULL = YES;
				CLANG_ANALYZER_NUMBER_OBJECT_CONVERSION = YES_AGGRESSIVE;
				CLANG_CXX_LANGUAGE_STANDARD = "gnu++14";
				CLANG_CXX_LIBRARY = "libc++";
				CLANG_ENABLE_MODULES = YES;
				CLANG_ENABLE_OBJC_ARC = YES;
				CLANG_ENABLE_OBJC_WEAK = YES;
				CLANG_WARN_BLOCK_CAPTURE_AUTORELEASING = YES;
				CLANG_WARN_BOOL_CONVERSION = YES;
				CLANG_WARN_COMMA = YES;
				CLANG_WARN_CONSTANT_CONVERSION = YES;
				CLANG_WARN_DEPRECATED_OBJC_IMPLEMENTATIONS = YES;
				CLANG_WARN_DIRECT_OBJC_ISA_USAGE = YES_ERROR;
				CLANG_WARN_DOCUMENTATION_COMMENTS = YES;
				CLANG_WARN_EMPTY_BODY = YES;
				CLANG_WARN_ENUM_CONVERSION = YES;
				CLANG_WARN_INFINITE_RECURSION = YES;
				CLANG_WARN_INT_CONVERSION = YES;
				CLANG_WARN_NON_LITERAL_NULL_CONVERSION = YES;
				CLANG_WARN_OBJC_IMPLICIT_RETAIN_SELF = YES;
				CLANG_WARN_OBJC_LITERAL_CONVERSION = YES;
				CLANG_WARN_OBJC_ROOT_CLASS = YES_ERROR;
				CLANG_WARN_RANGE_LOOP_ANALYSIS = YES;
				CLANG_WARN_STRICT_PROTOTYPES = YES;
				CLANG_WARN_SUSPICIOUS_MOVE = YES;
				CLANG_WARN_UNGUARDED_AVAILABILITY = YES_AGGRESSIVE;
				CLANG_WARN_UNREACHABLE_CODE = YES;
				CLANG_WARN__DUPLICATE_METHOD_MATCH = YES;
				CODE_SIGN_IDENTITY = "iPhone Developer";
				COPY_PHASE_STRIP = NO;
				DEBUG_INFORMATION_FORMAT = "dwarf-with-dsym";
				ENABLE_NS_ASSERTIONS = NO;
				ENABLE_STRICT_OBJC_MSGSEND = YES;
				GCC_C_LANGUAGE_STANDARD = gnu11;
				GCC_NO_COMMON_BLOCKS = YES;
				GCC_WARN_64_TO_32_BIT_CONVERSION = YES;
				GCC_WARN_ABOUT_RETURN_TYPE = YES_ERROR;
				GCC_WARN_UNDECLARED_SELECTOR = YES;
				GCC_WARN_UNINITIALIZED_AUTOS = YES_AGGRESSIVE;
				GCC_WARN_UNUSED_FUNCTION = YES;
				GCC_WARN_UNUSED_VARIABLE = YES;
				IPHONEOS_DEPLOYMENT_TARGET = 12.1;
				MTL_ENABLE_DEBUG_INFO = NO;
				MTL_FAST_MATH = YES;
				SDKROOT = iphoneos;
				SWIFT_COMPILATION_MODE = wholemodule;
				SWIFT_OPTIMIZATION_LEVEL = "-O";
				VALIDATE_PRODUCT = YES;
			};
			name = "Release-TEST";
		};
		3F9299E12192972E003B0243 /* Release-TEST */ = {
			isa = XCBuildConfiguration;
			baseConfigurationReference = 80496A27FE0E77898839D5BF /* Pods-iOSArchRESTClient.release-test.xcconfig */;
			buildSettings = {
				APP_ENVIROMENT = "TESTING=1";
				ASSETCATALOG_COMPILER_APPICON_NAME = AppIcon;
				CODE_SIGN_IDENTITY = "iPhone Developer";
				CODE_SIGN_STYLE = Manual;
				DEVELOPMENT_TEAM = "";
				INFOPLIST_FILE = "$(SRCROOT)/Info.plist";
				LD_RUNPATH_SEARCH_PATHS = (
					"$(inherited)",
					"@executable_path/Frameworks",
				);
				PRODUCT_BUNDLE_IDENTIFIER = "com.company.your-customer";
				PRODUCT_NAME = "$(TARGET_NAME)";
				PROVISIONING_PROFILE_SPECIFIER = "";
				SWIFT_VERSION = 4.2;
				TARGETED_DEVICE_FAMILY = "1,2";
			};
			name = "Release-TEST";
		};
		3F9299E22192972E003B0243 /* Release-TEST */ = {
			isa = XCBuildConfiguration;
			baseConfigurationReference = F1552BADB058A54E9D7FAF2E /* Pods-iOSArchRESTClientTests.release-test.xcconfig */;
			buildSettings = {
				ALWAYS_EMBED_SWIFT_STANDARD_LIBRARIES = YES;
				BUNDLE_LOADER = "$(TEST_HOST)";
				CODE_SIGN_STYLE = Automatic;
				DEVELOPMENT_TEAM = H7XX8W448R;
				INFOPLIST_FILE = iOSArchRESTClientTests/Info.plist;
				LD_RUNPATH_SEARCH_PATHS = (
					"$(inherited)",
					"@executable_path/Frameworks",
					"@loader_path/Frameworks",
				);
				PRODUCT_BUNDLE_IDENTIFIER = com.hsg.iOSArchRESTClientTests;
				PRODUCT_NAME = "$(TARGET_NAME)";
				SWIFT_VERSION = 4.2;
				TARGETED_DEVICE_FAMILY = "1,2";
				TEST_HOST = "$(BUILT_PRODUCTS_DIR)/iOSArchRESTClient.app/iOSArchRESTClient";
			};
			name = "Release-TEST";
		};
		3F9299E32192972E003B0243 /* Release-TEST */ = {
			isa = XCBuildConfiguration;
			baseConfigurationReference = 15DEE36BD27ECAB78E198A7E /* Pods-iOSArchRESTClientUITests.release-test.xcconfig */;
			buildSettings = {
				ALWAYS_EMBED_SWIFT_STANDARD_LIBRARIES = YES;
				CODE_SIGN_STYLE = Automatic;
				DEVELOPMENT_TEAM = H7XX8W448R;
				INFOPLIST_FILE = iOSArchRESTClientUITests/Info.plist;
				LD_RUNPATH_SEARCH_PATHS = (
					"$(inherited)",
					"@executable_path/Frameworks",
					"@loader_path/Frameworks",
				);
				PRODUCT_BUNDLE_IDENTIFIER = com.hsg.iOSArchRESTClientUITests;
				PRODUCT_NAME = "$(TARGET_NAME)";
				SWIFT_VERSION = 4.2;
				TARGETED_DEVICE_FAMILY = "1,2";
				TEST_TARGET_NAME = iOSArchRESTClient;
			};
			name = "Release-TEST";
		};
		3F9299E42192974A003B0243 /* Debug-STAG */ = {
			isa = XCBuildConfiguration;
			buildSettings = {
				ALWAYS_SEARCH_USER_PATHS = NO;
				CLANG_ANALYZER_NONNULL = YES;
				CLANG_ANALYZER_NUMBER_OBJECT_CONVERSION = YES_AGGRESSIVE;
				CLANG_CXX_LANGUAGE_STANDARD = "gnu++14";
				CLANG_CXX_LIBRARY = "libc++";
				CLANG_ENABLE_MODULES = YES;
				CLANG_ENABLE_OBJC_ARC = YES;
				CLANG_ENABLE_OBJC_WEAK = YES;
				CLANG_WARN_BLOCK_CAPTURE_AUTORELEASING = YES;
				CLANG_WARN_BOOL_CONVERSION = YES;
				CLANG_WARN_COMMA = YES;
				CLANG_WARN_CONSTANT_CONVERSION = YES;
				CLANG_WARN_DEPRECATED_OBJC_IMPLEMENTATIONS = YES;
				CLANG_WARN_DIRECT_OBJC_ISA_USAGE = YES_ERROR;
				CLANG_WARN_DOCUMENTATION_COMMENTS = YES;
				CLANG_WARN_EMPTY_BODY = YES;
				CLANG_WARN_ENUM_CONVERSION = YES;
				CLANG_WARN_INFINITE_RECURSION = YES;
				CLANG_WARN_INT_CONVERSION = YES;
				CLANG_WARN_NON_LITERAL_NULL_CONVERSION = YES;
				CLANG_WARN_OBJC_IMPLICIT_RETAIN_SELF = YES;
				CLANG_WARN_OBJC_LITERAL_CONVERSION = YES;
				CLANG_WARN_OBJC_ROOT_CLASS = YES_ERROR;
				CLANG_WARN_RANGE_LOOP_ANALYSIS = YES;
				CLANG_WARN_STRICT_PROTOTYPES = YES;
				CLANG_WARN_SUSPICIOUS_MOVE = YES;
				CLANG_WARN_UNGUARDED_AVAILABILITY = YES_AGGRESSIVE;
				CLANG_WARN_UNREACHABLE_CODE = YES;
				CLANG_WARN__DUPLICATE_METHOD_MATCH = YES;
				CODE_SIGN_IDENTITY = "iPhone Developer";
				COPY_PHASE_STRIP = NO;
				DEBUG_INFORMATION_FORMAT = dwarf;
				ENABLE_STRICT_OBJC_MSGSEND = YES;
				ENABLE_TESTABILITY = YES;
				GCC_C_LANGUAGE_STANDARD = gnu11;
				GCC_DYNAMIC_NO_PIC = NO;
				GCC_NO_COMMON_BLOCKS = YES;
				GCC_OPTIMIZATION_LEVEL = 0;
				GCC_PREPROCESSOR_DEFINITIONS = (
					"DEBUG=1",
					"$(inherited)",
				);
				GCC_WARN_64_TO_32_BIT_CONVERSION = YES;
				GCC_WARN_ABOUT_RETURN_TYPE = YES_ERROR;
				GCC_WARN_UNDECLARED_SELECTOR = YES;
				GCC_WARN_UNINITIALIZED_AUTOS = YES_AGGRESSIVE;
				GCC_WARN_UNUSED_FUNCTION = YES;
				GCC_WARN_UNUSED_VARIABLE = YES;
				IPHONEOS_DEPLOYMENT_TARGET = 12.1;
				MTL_ENABLE_DEBUG_INFO = INCLUDE_SOURCE;
				MTL_FAST_MATH = YES;
				ONLY_ACTIVE_ARCH = YES;
				SDKROOT = iphoneos;
				SWIFT_ACTIVE_COMPILATION_CONDITIONS = DEBUG;
				SWIFT_OPTIMIZATION_LEVEL = "-Onone";
			};
			name = "Debug-STAG";
		};
		3F9299E52192974A003B0243 /* Debug-STAG */ = {
			isa = XCBuildConfiguration;
			baseConfigurationReference = 90289F1FF8C5B1C7922DBE0B /* Pods-iOSArchRESTClient.debug-stag.xcconfig */;
			buildSettings = {
				APP_ENVIROMENT = "STAGING=1";
				ASSETCATALOG_COMPILER_APPICON_NAME = AppIcon;
				CODE_SIGN_IDENTITY = "iPhone Developer";
				CODE_SIGN_STYLE = Manual;
				DEVELOPMENT_TEAM = "";
				INFOPLIST_FILE = "$(SRCROOT)/Info.plist";
				LD_RUNPATH_SEARCH_PATHS = (
					"$(inherited)",
					"@executable_path/Frameworks",
				);
				PRODUCT_BUNDLE_IDENTIFIER = "com.company.your-customer";
				PRODUCT_NAME = "$(TARGET_NAME)";
				PROVISIONING_PROFILE_SPECIFIER = "";
				SWIFT_VERSION = 4.2;
				TARGETED_DEVICE_FAMILY = "1,2";
			};
			name = "Debug-STAG";
		};
		3F9299E62192974A003B0243 /* Debug-STAG */ = {
			isa = XCBuildConfiguration;
			baseConfigurationReference = 83C4EC932F8FC83E8ACDB3FC /* Pods-iOSArchRESTClientTests.debug-stag.xcconfig */;
			buildSettings = {
				ALWAYS_EMBED_SWIFT_STANDARD_LIBRARIES = YES;
				BUNDLE_LOADER = "$(TEST_HOST)";
				CODE_SIGN_STYLE = Automatic;
				DEVELOPMENT_TEAM = H7XX8W448R;
				INFOPLIST_FILE = iOSArchRESTClientTests/Info.plist;
				LD_RUNPATH_SEARCH_PATHS = (
					"$(inherited)",
					"@executable_path/Frameworks",
					"@loader_path/Frameworks",
				);
				PRODUCT_BUNDLE_IDENTIFIER = com.hsg.iOSArchRESTClientTests;
				PRODUCT_NAME = "$(TARGET_NAME)";
				SWIFT_VERSION = 4.2;
				TARGETED_DEVICE_FAMILY = "1,2";
				TEST_HOST = "$(BUILT_PRODUCTS_DIR)/iOSArchRESTClient.app/iOSArchRESTClient";
			};
			name = "Debug-STAG";
		};
		3F9299E72192974A003B0243 /* Debug-STAG */ = {
			isa = XCBuildConfiguration;
			baseConfigurationReference = B784EAC019334C4F7DBE68F4 /* Pods-iOSArchRESTClientUITests.debug-stag.xcconfig */;
			buildSettings = {
				ALWAYS_EMBED_SWIFT_STANDARD_LIBRARIES = YES;
				CODE_SIGN_STYLE = Automatic;
				DEVELOPMENT_TEAM = H7XX8W448R;
				INFOPLIST_FILE = iOSArchRESTClientUITests/Info.plist;
				LD_RUNPATH_SEARCH_PATHS = (
					"$(inherited)",
					"@executable_path/Frameworks",
					"@loader_path/Frameworks",
				);
				PRODUCT_BUNDLE_IDENTIFIER = com.hsg.iOSArchRESTClientUITests;
				PRODUCT_NAME = "$(TARGET_NAME)";
				SWIFT_VERSION = 4.2;
				TARGETED_DEVICE_FAMILY = "1,2";
				TEST_TARGET_NAME = iOSArchRESTClient;
			};
			name = "Debug-STAG";
		};
		3F9299E821929755003B0243 /* Release-STAG */ = {
			isa = XCBuildConfiguration;
			buildSettings = {
				ALWAYS_SEARCH_USER_PATHS = NO;
				CLANG_ANALYZER_NONNULL = YES;
				CLANG_ANALYZER_NUMBER_OBJECT_CONVERSION = YES_AGGRESSIVE;
				CLANG_CXX_LANGUAGE_STANDARD = "gnu++14";
				CLANG_CXX_LIBRARY = "libc++";
				CLANG_ENABLE_MODULES = YES;
				CLANG_ENABLE_OBJC_ARC = YES;
				CLANG_ENABLE_OBJC_WEAK = YES;
				CLANG_WARN_BLOCK_CAPTURE_AUTORELEASING = YES;
				CLANG_WARN_BOOL_CONVERSION = YES;
				CLANG_WARN_COMMA = YES;
				CLANG_WARN_CONSTANT_CONVERSION = YES;
				CLANG_WARN_DEPRECATED_OBJC_IMPLEMENTATIONS = YES;
				CLANG_WARN_DIRECT_OBJC_ISA_USAGE = YES_ERROR;
				CLANG_WARN_DOCUMENTATION_COMMENTS = YES;
				CLANG_WARN_EMPTY_BODY = YES;
				CLANG_WARN_ENUM_CONVERSION = YES;
				CLANG_WARN_INFINITE_RECURSION = YES;
				CLANG_WARN_INT_CONVERSION = YES;
				CLANG_WARN_NON_LITERAL_NULL_CONVERSION = YES;
				CLANG_WARN_OBJC_IMPLICIT_RETAIN_SELF = YES;
				CLANG_WARN_OBJC_LITERAL_CONVERSION = YES;
				CLANG_WARN_OBJC_ROOT_CLASS = YES_ERROR;
				CLANG_WARN_RANGE_LOOP_ANALYSIS = YES;
				CLANG_WARN_STRICT_PROTOTYPES = YES;
				CLANG_WARN_SUSPICIOUS_MOVE = YES;
				CLANG_WARN_UNGUARDED_AVAILABILITY = YES_AGGRESSIVE;
				CLANG_WARN_UNREACHABLE_CODE = YES;
				CLANG_WARN__DUPLICATE_METHOD_MATCH = YES;
				CODE_SIGN_IDENTITY = "iPhone Developer";
				COPY_PHASE_STRIP = NO;
				DEBUG_INFORMATION_FORMAT = "dwarf-with-dsym";
				ENABLE_NS_ASSERTIONS = NO;
				ENABLE_STRICT_OBJC_MSGSEND = YES;
				GCC_C_LANGUAGE_STANDARD = gnu11;
				GCC_NO_COMMON_BLOCKS = YES;
				GCC_WARN_64_TO_32_BIT_CONVERSION = YES;
				GCC_WARN_ABOUT_RETURN_TYPE = YES_ERROR;
				GCC_WARN_UNDECLARED_SELECTOR = YES;
				GCC_WARN_UNINITIALIZED_AUTOS = YES_AGGRESSIVE;
				GCC_WARN_UNUSED_FUNCTION = YES;
				GCC_WARN_UNUSED_VARIABLE = YES;
				IPHONEOS_DEPLOYMENT_TARGET = 12.1;
				MTL_ENABLE_DEBUG_INFO = NO;
				MTL_FAST_MATH = YES;
				SDKROOT = iphoneos;
				SWIFT_COMPILATION_MODE = wholemodule;
				SWIFT_OPTIMIZATION_LEVEL = "-O";
				VALIDATE_PRODUCT = YES;
			};
			name = "Release-STAG";
		};
		3F9299E921929755003B0243 /* Release-STAG */ = {
			isa = XCBuildConfiguration;
			baseConfigurationReference = 767EECD5773262D9BBD5CED9 /* Pods-iOSArchRESTClient.release-stag.xcconfig */;
			buildSettings = {
				APP_ENVIROMENT = "STAGING=1";
				ASSETCATALOG_COMPILER_APPICON_NAME = AppIcon;
				CODE_SIGN_IDENTITY = "iPhone Developer";
				CODE_SIGN_STYLE = Manual;
				DEVELOPMENT_TEAM = "";
				INFOPLIST_FILE = "$(SRCROOT)/Info.plist";
				LD_RUNPATH_SEARCH_PATHS = (
					"$(inherited)",
					"@executable_path/Frameworks",
				);
				PRODUCT_BUNDLE_IDENTIFIER = "com.company.your-customer";
				PRODUCT_NAME = "$(TARGET_NAME)";
				PROVISIONING_PROFILE_SPECIFIER = "";
				SWIFT_VERSION = 4.2;
				TARGETED_DEVICE_FAMILY = "1,2";
			};
			name = "Release-STAG";
		};
		3F9299EA21929755003B0243 /* Release-STAG */ = {
			isa = XCBuildConfiguration;
			baseConfigurationReference = BA7FEFA455CF03374FC86784 /* Pods-iOSArchRESTClientTests.release-stag.xcconfig */;
			buildSettings = {
				ALWAYS_EMBED_SWIFT_STANDARD_LIBRARIES = YES;
				BUNDLE_LOADER = "$(TEST_HOST)";
				CODE_SIGN_STYLE = Automatic;
				DEVELOPMENT_TEAM = H7XX8W448R;
				INFOPLIST_FILE = iOSArchRESTClientTests/Info.plist;
				LD_RUNPATH_SEARCH_PATHS = (
					"$(inherited)",
					"@executable_path/Frameworks",
					"@loader_path/Frameworks",
				);
				PRODUCT_BUNDLE_IDENTIFIER = com.hsg.iOSArchRESTClientTests;
				PRODUCT_NAME = "$(TARGET_NAME)";
				SWIFT_VERSION = 4.2;
				TARGETED_DEVICE_FAMILY = "1,2";
				TEST_HOST = "$(BUILT_PRODUCTS_DIR)/iOSArchRESTClient.app/iOSArchRESTClient";
			};
			name = "Release-STAG";
		};
		3F9299EB21929755003B0243 /* Release-STAG */ = {
			isa = XCBuildConfiguration;
			baseConfigurationReference = 53C8A27FA0C9058532D10914 /* Pods-iOSArchRESTClientUITests.release-stag.xcconfig */;
			buildSettings = {
				ALWAYS_EMBED_SWIFT_STANDARD_LIBRARIES = YES;
				CODE_SIGN_STYLE = Automatic;
				DEVELOPMENT_TEAM = H7XX8W448R;
				INFOPLIST_FILE = iOSArchRESTClientUITests/Info.plist;
				LD_RUNPATH_SEARCH_PATHS = (
					"$(inherited)",
					"@executable_path/Frameworks",
					"@loader_path/Frameworks",
				);
				PRODUCT_BUNDLE_IDENTIFIER = com.hsg.iOSArchRESTClientUITests;
				PRODUCT_NAME = "$(TARGET_NAME)";
				SWIFT_VERSION = 4.2;
				TARGETED_DEVICE_FAMILY = "1,2";
				TEST_TARGET_NAME = iOSArchRESTClient;
			};
			name = "Release-STAG";
		};
		3F9299EC2192975D003B0243 /* Debug-PROD */ = {
			isa = XCBuildConfiguration;
			buildSettings = {
				ALWAYS_SEARCH_USER_PATHS = NO;
				CLANG_ANALYZER_NONNULL = YES;
				CLANG_ANALYZER_NUMBER_OBJECT_CONVERSION = YES_AGGRESSIVE;
				CLANG_CXX_LANGUAGE_STANDARD = "gnu++14";
				CLANG_CXX_LIBRARY = "libc++";
				CLANG_ENABLE_MODULES = YES;
				CLANG_ENABLE_OBJC_ARC = YES;
				CLANG_ENABLE_OBJC_WEAK = YES;
				CLANG_WARN_BLOCK_CAPTURE_AUTORELEASING = YES;
				CLANG_WARN_BOOL_CONVERSION = YES;
				CLANG_WARN_COMMA = YES;
				CLANG_WARN_CONSTANT_CONVERSION = YES;
				CLANG_WARN_DEPRECATED_OBJC_IMPLEMENTATIONS = YES;
				CLANG_WARN_DIRECT_OBJC_ISA_USAGE = YES_ERROR;
				CLANG_WARN_DOCUMENTATION_COMMENTS = YES;
				CLANG_WARN_EMPTY_BODY = YES;
				CLANG_WARN_ENUM_CONVERSION = YES;
				CLANG_WARN_INFINITE_RECURSION = YES;
				CLANG_WARN_INT_CONVERSION = YES;
				CLANG_WARN_NON_LITERAL_NULL_CONVERSION = YES;
				CLANG_WARN_OBJC_IMPLICIT_RETAIN_SELF = YES;
				CLANG_WARN_OBJC_LITERAL_CONVERSION = YES;
				CLANG_WARN_OBJC_ROOT_CLASS = YES_ERROR;
				CLANG_WARN_RANGE_LOOP_ANALYSIS = YES;
				CLANG_WARN_STRICT_PROTOTYPES = YES;
				CLANG_WARN_SUSPICIOUS_MOVE = YES;
				CLANG_WARN_UNGUARDED_AVAILABILITY = YES_AGGRESSIVE;
				CLANG_WARN_UNREACHABLE_CODE = YES;
				CLANG_WARN__DUPLICATE_METHOD_MATCH = YES;
				CODE_SIGN_IDENTITY = "iPhone Developer";
				COPY_PHASE_STRIP = NO;
				DEBUG_INFORMATION_FORMAT = dwarf;
				ENABLE_STRICT_OBJC_MSGSEND = YES;
				ENABLE_TESTABILITY = YES;
				GCC_C_LANGUAGE_STANDARD = gnu11;
				GCC_DYNAMIC_NO_PIC = NO;
				GCC_NO_COMMON_BLOCKS = YES;
				GCC_OPTIMIZATION_LEVEL = 0;
				GCC_PREPROCESSOR_DEFINITIONS = (
					"DEBUG=1",
					"$(inherited)",
				);
				GCC_WARN_64_TO_32_BIT_CONVERSION = YES;
				GCC_WARN_ABOUT_RETURN_TYPE = YES_ERROR;
				GCC_WARN_UNDECLARED_SELECTOR = YES;
				GCC_WARN_UNINITIALIZED_AUTOS = YES_AGGRESSIVE;
				GCC_WARN_UNUSED_FUNCTION = YES;
				GCC_WARN_UNUSED_VARIABLE = YES;
				IPHONEOS_DEPLOYMENT_TARGET = 12.1;
				MTL_ENABLE_DEBUG_INFO = INCLUDE_SOURCE;
				MTL_FAST_MATH = YES;
				ONLY_ACTIVE_ARCH = YES;
				SDKROOT = iphoneos;
				SWIFT_ACTIVE_COMPILATION_CONDITIONS = DEBUG;
				SWIFT_OPTIMIZATION_LEVEL = "-Onone";
			};
			name = "Debug-PROD";
		};
		3F9299ED2192975D003B0243 /* Debug-PROD */ = {
			isa = XCBuildConfiguration;
			baseConfigurationReference = E798C3D9819610B052086964 /* Pods-iOSArchRESTClient.debug-prod.xcconfig */;
			buildSettings = {
				APP_ENVIROMENT = "PRODUCTION=1";
				ASSETCATALOG_COMPILER_APPICON_NAME = AppIcon;
				CODE_SIGN_IDENTITY = "iPhone Developer";
				CODE_SIGN_STYLE = Manual;
				DEVELOPMENT_TEAM = "";
				INFOPLIST_FILE = "$(SRCROOT)/Info.plist";
				LD_RUNPATH_SEARCH_PATHS = (
					"$(inherited)",
					"@executable_path/Frameworks",
				);
				PRODUCT_BUNDLE_IDENTIFIER = "com.company.your-customer";
				PRODUCT_NAME = "$(TARGET_NAME)";
				PROVISIONING_PROFILE_SPECIFIER = "";
				SWIFT_VERSION = 4.2;
				TARGETED_DEVICE_FAMILY = "1,2";
			};
			name = "Debug-PROD";
		};
		3F9299EE2192975D003B0243 /* Debug-PROD */ = {
			isa = XCBuildConfiguration;
			baseConfigurationReference = E05907F9AFD69E713F233B1E /* Pods-iOSArchRESTClientTests.debug-prod.xcconfig */;
			buildSettings = {
				ALWAYS_EMBED_SWIFT_STANDARD_LIBRARIES = YES;
				BUNDLE_LOADER = "$(TEST_HOST)";
				CODE_SIGN_STYLE = Automatic;
				DEVELOPMENT_TEAM = H7XX8W448R;
				INFOPLIST_FILE = iOSArchRESTClientTests/Info.plist;
				LD_RUNPATH_SEARCH_PATHS = (
					"$(inherited)",
					"@executable_path/Frameworks",
					"@loader_path/Frameworks",
				);
				PRODUCT_BUNDLE_IDENTIFIER = com.hsg.iOSArchRESTClientTests;
				PRODUCT_NAME = "$(TARGET_NAME)";
				SWIFT_VERSION = 4.2;
				TARGETED_DEVICE_FAMILY = "1,2";
				TEST_HOST = "$(BUILT_PRODUCTS_DIR)/iOSArchRESTClient.app/iOSArchRESTClient";
			};
			name = "Debug-PROD";
		};
		3F9299EF2192975D003B0243 /* Debug-PROD */ = {
			isa = XCBuildConfiguration;
			baseConfigurationReference = BD99210D0F8241C6BE981798 /* Pods-iOSArchRESTClientUITests.debug-prod.xcconfig */;
			buildSettings = {
				ALWAYS_EMBED_SWIFT_STANDARD_LIBRARIES = YES;
				CODE_SIGN_STYLE = Automatic;
				DEVELOPMENT_TEAM = H7XX8W448R;
				INFOPLIST_FILE = iOSArchRESTClientUITests/Info.plist;
				LD_RUNPATH_SEARCH_PATHS = (
					"$(inherited)",
					"@executable_path/Frameworks",
					"@loader_path/Frameworks",
				);
				PRODUCT_BUNDLE_IDENTIFIER = com.hsg.iOSArchRESTClientUITests;
				PRODUCT_NAME = "$(TARGET_NAME)";
				SWIFT_VERSION = 4.2;
				TARGETED_DEVICE_FAMILY = "1,2";
				TEST_TARGET_NAME = iOSArchRESTClient;
			};
			name = "Debug-PROD";
		};
		3F9299F021929766003B0243 /* Release-PROD */ = {
			isa = XCBuildConfiguration;
			buildSettings = {
				ALWAYS_SEARCH_USER_PATHS = NO;
				CLANG_ANALYZER_NONNULL = YES;
				CLANG_ANALYZER_NUMBER_OBJECT_CONVERSION = YES_AGGRESSIVE;
				CLANG_CXX_LANGUAGE_STANDARD = "gnu++14";
				CLANG_CXX_LIBRARY = "libc++";
				CLANG_ENABLE_MODULES = YES;
				CLANG_ENABLE_OBJC_ARC = YES;
				CLANG_ENABLE_OBJC_WEAK = YES;
				CLANG_WARN_BLOCK_CAPTURE_AUTORELEASING = YES;
				CLANG_WARN_BOOL_CONVERSION = YES;
				CLANG_WARN_COMMA = YES;
				CLANG_WARN_CONSTANT_CONVERSION = YES;
				CLANG_WARN_DEPRECATED_OBJC_IMPLEMENTATIONS = YES;
				CLANG_WARN_DIRECT_OBJC_ISA_USAGE = YES_ERROR;
				CLANG_WARN_DOCUMENTATION_COMMENTS = YES;
				CLANG_WARN_EMPTY_BODY = YES;
				CLANG_WARN_ENUM_CONVERSION = YES;
				CLANG_WARN_INFINITE_RECURSION = YES;
				CLANG_WARN_INT_CONVERSION = YES;
				CLANG_WARN_NON_LITERAL_NULL_CONVERSION = YES;
				CLANG_WARN_OBJC_IMPLICIT_RETAIN_SELF = YES;
				CLANG_WARN_OBJC_LITERAL_CONVERSION = YES;
				CLANG_WARN_OBJC_ROOT_CLASS = YES_ERROR;
				CLANG_WARN_RANGE_LOOP_ANALYSIS = YES;
				CLANG_WARN_STRICT_PROTOTYPES = YES;
				CLANG_WARN_SUSPICIOUS_MOVE = YES;
				CLANG_WARN_UNGUARDED_AVAILABILITY = YES_AGGRESSIVE;
				CLANG_WARN_UNREACHABLE_CODE = YES;
				CLANG_WARN__DUPLICATE_METHOD_MATCH = YES;
				CODE_SIGN_IDENTITY = "iPhone Developer";
				COPY_PHASE_STRIP = NO;
				DEBUG_INFORMATION_FORMAT = "dwarf-with-dsym";
				ENABLE_NS_ASSERTIONS = NO;
				ENABLE_STRICT_OBJC_MSGSEND = YES;
				GCC_C_LANGUAGE_STANDARD = gnu11;
				GCC_NO_COMMON_BLOCKS = YES;
				GCC_WARN_64_TO_32_BIT_CONVERSION = YES;
				GCC_WARN_ABOUT_RETURN_TYPE = YES_ERROR;
				GCC_WARN_UNDECLARED_SELECTOR = YES;
				GCC_WARN_UNINITIALIZED_AUTOS = YES_AGGRESSIVE;
				GCC_WARN_UNUSED_FUNCTION = YES;
				GCC_WARN_UNUSED_VARIABLE = YES;
				IPHONEOS_DEPLOYMENT_TARGET = 12.1;
				MTL_ENABLE_DEBUG_INFO = NO;
				MTL_FAST_MATH = YES;
				SDKROOT = iphoneos;
				SWIFT_COMPILATION_MODE = wholemodule;
				SWIFT_OPTIMIZATION_LEVEL = "-O";
				VALIDATE_PRODUCT = YES;
			};
			name = "Release-PROD";
		};
		3F9299F121929766003B0243 /* Release-PROD */ = {
			isa = XCBuildConfiguration;
			baseConfigurationReference = DE15E46A54228AE21000E858 /* Pods-iOSArchRESTClient.release-prod.xcconfig */;
			buildSettings = {
				APP_ENVIROMENT = "PRODUCTION=1";
				ASSETCATALOG_COMPILER_APPICON_NAME = AppIcon;
				CODE_SIGN_IDENTITY = "iPhone Developer";
				CODE_SIGN_STYLE = Manual;
				DEVELOPMENT_TEAM = "";
				INFOPLIST_FILE = "$(SRCROOT)/Info.plist";
				LD_RUNPATH_SEARCH_PATHS = (
					"$(inherited)",
					"@executable_path/Frameworks",
				);
				PRODUCT_BUNDLE_IDENTIFIER = "com.company.your-customer";
				PRODUCT_NAME = "$(TARGET_NAME)";
				PROVISIONING_PROFILE_SPECIFIER = "";
				SWIFT_VERSION = 4.2;
				TARGETED_DEVICE_FAMILY = "1,2";
			};
			name = "Release-PROD";
		};
		3F9299F221929766003B0243 /* Release-PROD */ = {
			isa = XCBuildConfiguration;
			baseConfigurationReference = 6A66DF9D1262992A227C3AC3 /* Pods-iOSArchRESTClientTests.release-prod.xcconfig */;
			buildSettings = {
				ALWAYS_EMBED_SWIFT_STANDARD_LIBRARIES = YES;
				BUNDLE_LOADER = "$(TEST_HOST)";
				CODE_SIGN_STYLE = Automatic;
				DEVELOPMENT_TEAM = H7XX8W448R;
				INFOPLIST_FILE = iOSArchRESTClientTests/Info.plist;
				LD_RUNPATH_SEARCH_PATHS = (
					"$(inherited)",
					"@executable_path/Frameworks",
					"@loader_path/Frameworks",
				);
				PRODUCT_BUNDLE_IDENTIFIER = com.hsg.iOSArchRESTClientTests;
				PRODUCT_NAME = "$(TARGET_NAME)";
				SWIFT_VERSION = 4.2;
				TARGETED_DEVICE_FAMILY = "1,2";
				TEST_HOST = "$(BUILT_PRODUCTS_DIR)/iOSArchRESTClient.app/iOSArchRESTClient";
			};
			name = "Release-PROD";
		};
		3F9299F321929766003B0243 /* Release-PROD */ = {
			isa = XCBuildConfiguration;
			baseConfigurationReference = 904B598EB7E3704E7F4628B8 /* Pods-iOSArchRESTClientUITests.release-prod.xcconfig */;
			buildSettings = {
				ALWAYS_EMBED_SWIFT_STANDARD_LIBRARIES = YES;
				CODE_SIGN_STYLE = Automatic;
				DEVELOPMENT_TEAM = H7XX8W448R;
				INFOPLIST_FILE = iOSArchRESTClientUITests/Info.plist;
				LD_RUNPATH_SEARCH_PATHS = (
					"$(inherited)",
					"@executable_path/Frameworks",
					"@loader_path/Frameworks",
				);
				PRODUCT_BUNDLE_IDENTIFIER = com.hsg.iOSArchRESTClientUITests;
				PRODUCT_NAME = "$(TARGET_NAME)";
				SWIFT_VERSION = 4.2;
				TARGETED_DEVICE_FAMILY = "1,2";
				TEST_TARGET_NAME = iOSArchRESTClient;
			};
			name = "Release-PROD";
		};
		3F929A00219297FC003B0243 /* Debug */ = {
			isa = XCBuildConfiguration;
			buildSettings = {
				APP_ENVIROMENT = "DEVELOPMENT=1";
				ASSETCATALOG_COMPILER_APPICON_NAME = AppIcon;
				CODE_SIGN_ENTITLEMENTS = "$(SRCROOT)/iOSArchRESTClient/Application/DEV/App.entitlements";
				CODE_SIGN_IDENTITY = "iPhone Developer";
				CODE_SIGN_STYLE = Automatic;
				DEVELOPMENT_TEAM = H7XX8W448R;
				INFOPLIST_FILE = "$(SRCROOT)/iOSArchRESTClient/Application/DEV/Info.plist";
				LD_RUNPATH_SEARCH_PATHS = (
					"$(inherited)",
					"@executable_path/Frameworks",
				);
				PRODUCT_BUNDLE_IDENTIFIER = com.hsg.iOSArchRESTClient.dev;
				PRODUCT_NAME = "$(TARGET_NAME)";
				PROVISIONING_PROFILE_SPECIFIER = "";
				SWIFT_VERSION = 4.2;
				TARGETED_DEVICE_FAMILY = "1,2";
			};
			name = Debug;
		};
		3F929A01219297FC003B0243 /* Debug-PROD */ = {
			isa = XCBuildConfiguration;
			buildSettings = {
				APP_ENVIROMENT = "PRODUCTION=1";
				ASSETCATALOG_COMPILER_APPICON_NAME = AppIcon;
				CODE_SIGN_ENTITLEMENTS = "$(SRCROOT)/iOSArchRESTClient/Application/DEV/App.entitlements";
				CODE_SIGN_IDENTITY = "iPhone Developer";
				CODE_SIGN_STYLE = Automatic;
				DEVELOPMENT_TEAM = H7XX8W448R;
				INFOPLIST_FILE = "$(SRCROOT)/iOSArchRESTClient/Application/DEV/Info.plist";
				LD_RUNPATH_SEARCH_PATHS = (
					"$(inherited)",
					"@executable_path/Frameworks",
				);
				PRODUCT_BUNDLE_IDENTIFIER = com.hsg.iOSArchRESTClient.dev;
				PRODUCT_NAME = "$(TARGET_NAME)";
				PROVISIONING_PROFILE_SPECIFIER = "";
				SWIFT_VERSION = 4.2;
				TARGETED_DEVICE_FAMILY = "1,2";
			};
			name = "Debug-PROD";
		};
		3F929A02219297FC003B0243 /* Debug-STAG */ = {
			isa = XCBuildConfiguration;
			buildSettings = {
				APP_ENVIROMENT = "STAGING=1";
				ASSETCATALOG_COMPILER_APPICON_NAME = AppIcon;
				CODE_SIGN_ENTITLEMENTS = "$(SRCROOT)/iOSArchRESTClient/Application/DEV/App.entitlements";
				CODE_SIGN_IDENTITY = "iPhone Developer";
				CODE_SIGN_STYLE = Automatic;
				DEVELOPMENT_TEAM = H7XX8W448R;
				INFOPLIST_FILE = "$(SRCROOT)/iOSArchRESTClient/Application/DEV/Info.plist";
				LD_RUNPATH_SEARCH_PATHS = (
					"$(inherited)",
					"@executable_path/Frameworks",
				);
				PRODUCT_BUNDLE_IDENTIFIER = com.hsg.iOSArchRESTClient.dev;
				PRODUCT_NAME = "$(TARGET_NAME)";
				PROVISIONING_PROFILE_SPECIFIER = "";
				SWIFT_VERSION = 4.2;
				TARGETED_DEVICE_FAMILY = "1,2";
			};
			name = "Debug-STAG";
		};
		3F929A03219297FC003B0243 /* Debug-TEST */ = {
			isa = XCBuildConfiguration;
			buildSettings = {
				APP_ENVIROMENT = "TESTING=1";
				ASSETCATALOG_COMPILER_APPICON_NAME = AppIcon;
				CODE_SIGN_ENTITLEMENTS = "$(SRCROOT)/iOSArchRESTClient/Application/DEV/App.entitlements";
				CODE_SIGN_IDENTITY = "iPhone Developer";
				CODE_SIGN_STYLE = Automatic;
				DEVELOPMENT_TEAM = H7XX8W448R;
				INFOPLIST_FILE = "$(SRCROOT)/iOSArchRESTClient/Application/DEV/Info.plist";
				LD_RUNPATH_SEARCH_PATHS = (
					"$(inherited)",
					"@executable_path/Frameworks",
				);
				PRODUCT_BUNDLE_IDENTIFIER = com.hsg.iOSArchRESTClient.dev;
				PRODUCT_NAME = "$(TARGET_NAME)";
				PROVISIONING_PROFILE_SPECIFIER = "";
				SWIFT_VERSION = 4.2;
				TARGETED_DEVICE_FAMILY = "1,2";
			};
			name = "Debug-TEST";
		};
		3F929A04219297FC003B0243 /* Release */ = {
			isa = XCBuildConfiguration;
			buildSettings = {
				APP_ENVIROMENT = "DEVELOPMENT=1";
				ASSETCATALOG_COMPILER_APPICON_NAME = AppIcon;
				CODE_SIGN_ENTITLEMENTS = "$(SRCROOT)/iOSArchRESTClient/Application/DEV/App.entitlements";
				CODE_SIGN_IDENTITY = "iPhone Developer";
				CODE_SIGN_STYLE = Automatic;
				DEVELOPMENT_TEAM = H7XX8W448R;
				INFOPLIST_FILE = "$(SRCROOT)/iOSArchRESTClient/Application/DEV/Info.plist";
				LD_RUNPATH_SEARCH_PATHS = (
					"$(inherited)",
					"@executable_path/Frameworks",
				);
				PRODUCT_BUNDLE_IDENTIFIER = com.hsg.iOSArchRESTClient.dev;
				PRODUCT_NAME = "$(TARGET_NAME)";
				PROVISIONING_PROFILE_SPECIFIER = "";
				SWIFT_VERSION = 4.2;
				TARGETED_DEVICE_FAMILY = "1,2";
			};
			name = Release;
		};
		3F929A05219297FC003B0243 /* Release-PROD */ = {
			isa = XCBuildConfiguration;
			buildSettings = {
				APP_ENVIROMENT = "PRODUCTION=1";
				ASSETCATALOG_COMPILER_APPICON_NAME = AppIcon;
				CODE_SIGN_ENTITLEMENTS = "$(SRCROOT)/iOSArchRESTClient/Application/DEV/App.entitlements";
				CODE_SIGN_IDENTITY = "iPhone Developer";
				CODE_SIGN_STYLE = Automatic;
				DEVELOPMENT_TEAM = H7XX8W448R;
				INFOPLIST_FILE = "$(SRCROOT)/iOSArchRESTClient/Application/DEV/Info.plist";
				LD_RUNPATH_SEARCH_PATHS = (
					"$(inherited)",
					"@executable_path/Frameworks",
				);
				PRODUCT_BUNDLE_IDENTIFIER = com.hsg.iOSArchRESTClient.dev;
				PRODUCT_NAME = "$(TARGET_NAME)";
				PROVISIONING_PROFILE_SPECIFIER = "";
				SWIFT_VERSION = 4.2;
				TARGETED_DEVICE_FAMILY = "1,2";
			};
			name = "Release-PROD";
		};
		3F929A06219297FC003B0243 /* Release-STAG */ = {
			isa = XCBuildConfiguration;
			buildSettings = {
				APP_ENVIROMENT = "STAGING=1";
				ASSETCATALOG_COMPILER_APPICON_NAME = AppIcon;
				CODE_SIGN_ENTITLEMENTS = "$(SRCROOT)/iOSArchRESTClient/Application/DEV/App.entitlements";
				CODE_SIGN_IDENTITY = "iPhone Developer";
				CODE_SIGN_STYLE = Automatic;
				DEVELOPMENT_TEAM = H7XX8W448R;
				INFOPLIST_FILE = "$(SRCROOT)/iOSArchRESTClient/Application/DEV/Info.plist";
				LD_RUNPATH_SEARCH_PATHS = (
					"$(inherited)",
					"@executable_path/Frameworks",
				);
				PRODUCT_BUNDLE_IDENTIFIER = com.hsg.iOSArchRESTClient.dev;
				PRODUCT_NAME = "$(TARGET_NAME)";
				PROVISIONING_PROFILE_SPECIFIER = "";
				SWIFT_VERSION = 4.2;
				TARGETED_DEVICE_FAMILY = "1,2";
			};
			name = "Release-STAG";
		};
		3F929A07219297FC003B0243 /* Release-TEST */ = {
			isa = XCBuildConfiguration;
			buildSettings = {
				APP_ENVIROMENT = "TESTING=1";
				ASSETCATALOG_COMPILER_APPICON_NAME = AppIcon;
				CODE_SIGN_ENTITLEMENTS = "$(SRCROOT)/iOSArchRESTClient/Application/DEV/App.entitlements";
				CODE_SIGN_IDENTITY = "iPhone Developer";
				CODE_SIGN_STYLE = Automatic;
				DEVELOPMENT_TEAM = H7XX8W448R;
				INFOPLIST_FILE = "$(SRCROOT)/iOSArchRESTClient/Application/DEV/Info.plist";
				LD_RUNPATH_SEARCH_PATHS = (
					"$(inherited)",
					"@executable_path/Frameworks",
				);
				PRODUCT_BUNDLE_IDENTIFIER = com.hsg.iOSArchRESTClient.dev;
				PRODUCT_NAME = "$(TARGET_NAME)";
				PROVISIONING_PROFILE_SPECIFIER = "";
				SWIFT_VERSION = 4.2;
				TARGETED_DEVICE_FAMILY = "1,2";
			};
			name = "Release-TEST";
		};
/* End XCBuildConfiguration section */

/* Begin XCConfigurationList section */
		3F46152D2191924400CF4BBB /* Build configuration list for PBXProject "iOSArchRESTClient" */ = {
			isa = XCConfigurationList;
			buildConfigurations = (
				3F4615582191925400CF4BBB /* Debug */,
				3F9299EC2192975D003B0243 /* Debug-PROD */,
				3F9299E42192974A003B0243 /* Debug-STAG */,
				3F9299DC21929713003B0243 /* Debug-TEST */,
				3F4615592191925400CF4BBB /* Release */,
				3F9299F021929766003B0243 /* Release-PROD */,
				3F9299E821929755003B0243 /* Release-STAG */,
				3F9299E02192972E003B0243 /* Release-TEST */,
			);
			defaultConfigurationIsVisible = 0;
			defaultConfigurationName = Release;
		};
		3F46155A2191925400CF4BBB /* Build configuration list for PBXNativeTarget "iOSArchRESTClient" */ = {
			isa = XCConfigurationList;
			buildConfigurations = (
				3F46155B2191925400CF4BBB /* Debug */,
				3F9299ED2192975D003B0243 /* Debug-PROD */,
				3F9299E52192974A003B0243 /* Debug-STAG */,
				3F9299DD21929713003B0243 /* Debug-TEST */,
				3F46155C2191925400CF4BBB /* Release */,
				3F9299F121929766003B0243 /* Release-PROD */,
				3F9299E921929755003B0243 /* Release-STAG */,
				3F9299E12192972E003B0243 /* Release-TEST */,
			);
			defaultConfigurationIsVisible = 0;
			defaultConfigurationName = Release;
		};
		3F46155D2191925400CF4BBB /* Build configuration list for PBXNativeTarget "iOSArchRESTClientTests" */ = {
			isa = XCConfigurationList;
			buildConfigurations = (
				3F46155E2191925400CF4BBB /* Debug */,
				3F9299EE2192975D003B0243 /* Debug-PROD */,
				3F9299E62192974A003B0243 /* Debug-STAG */,
				3F9299DE21929713003B0243 /* Debug-TEST */,
				3F46155F2191925400CF4BBB /* Release */,
				3F9299F221929766003B0243 /* Release-PROD */,
				3F9299EA21929755003B0243 /* Release-STAG */,
				3F9299E22192972E003B0243 /* Release-TEST */,
			);
			defaultConfigurationIsVisible = 0;
			defaultConfigurationName = Release;
		};
		3F4615602191925400CF4BBB /* Build configuration list for PBXNativeTarget "iOSArchRESTClientUITests" */ = {
			isa = XCConfigurationList;
			buildConfigurations = (
				3F4615612191925400CF4BBB /* Debug */,
				3F9299EF2192975D003B0243 /* Debug-PROD */,
				3F9299E72192974A003B0243 /* Debug-STAG */,
				3F9299DF21929713003B0243 /* Debug-TEST */,
				3F4615622191925400CF4BBB /* Release */,
				3F9299F321929766003B0243 /* Release-PROD */,
				3F9299EB21929755003B0243 /* Release-STAG */,
				3F9299E32192972E003B0243 /* Release-TEST */,
			);
			defaultConfigurationIsVisible = 0;
			defaultConfigurationName = Release;
		};
		3F9299FF219297FC003B0243 /* Build configuration list for PBXNativeTarget "iOSArchRESTClient-dev" */ = {
			isa = XCConfigurationList;
			buildConfigurations = (
				3F929A00219297FC003B0243 /* Debug */,
				3F929A01219297FC003B0243 /* Debug-PROD */,
				3F929A02219297FC003B0243 /* Debug-STAG */,
				3F929A03219297FC003B0243 /* Debug-TEST */,
				3F929A04219297FC003B0243 /* Release */,
				3F929A05219297FC003B0243 /* Release-PROD */,
				3F929A06219297FC003B0243 /* Release-STAG */,
				3F929A07219297FC003B0243 /* Release-TEST */,
			);
			defaultConfigurationIsVisible = 0;
			defaultConfigurationName = Release;
		};
/* End XCConfigurationList section */
	};
	rootObject = 3F46152A2191924400CF4BBB /* Project object */;
}
